// !$*UTF8*$!
{
	archiveVersion = 1;
	classes = {
	};
	objectVersion = 48;
	objects = {

/* Begin PBXBuildFile section */
		40E5723F3B1EF9AD113EC499 /* Pods_ImaginingLinkUITests.framework in Frameworks */ = {isa = PBXBuildFile; fileRef = F6B606B366E0C8E834FE1F10 /* Pods_ImaginingLinkUITests.framework */; };
		4803D3352178D82C00C82909 /* InviteFriendsViewController.swift in Sources */ = {isa = PBXBuildFile; fileRef = 4803D3342178D82C00C82909 /* InviteFriendsViewController.swift */; };
		480A3BE923580B3100EA4EF4 /* Publishing.storyboard in Resources */ = {isa = PBXBuildFile; fileRef = 480A3BE823580B3100EA4EF4 /* Publishing.storyboard */; };
		480A3BEC2359847100EA4EF4 /* PublishStepOneViewController.swift in Sources */ = {isa = PBXBuildFile; fileRef = 480A3BEB2359847100EA4EF4 /* PublishStepOneViewController.swift */; };
		480A3BEE235ADAFF00EA4EF4 /* PageViewController.swift in Sources */ = {isa = PBXBuildFile; fileRef = 480A3BED235ADAFF00EA4EF4 /* PageViewController.swift */; };
		480A3BF0235B762B00EA4EF4 /* CreatePresentationViewController.swift in Sources */ = {isa = PBXBuildFile; fileRef = 480A3BEF235B762B00EA4EF4 /* CreatePresentationViewController.swift */; };
		480D5DBE23E9293A0019848C /* MyPresentationsViewController.swift in Sources */ = {isa = PBXBuildFile; fileRef = 480D5DBD23E9293A0019848C /* MyPresentationsViewController.swift */; };
		480D9B092177A32C000DEBFC /* ChangeEmailViewController.swift in Sources */ = {isa = PBXBuildFile; fileRef = 480D9B082177A32C000DEBFC /* ChangeEmailViewController.swift */; };
		481023F22180D79A00ED37A7 /* ResetPasswordWithMenuViewController.swift in Sources */ = {isa = PBXBuildFile; fileRef = 481023F12180D79A00ED37A7 /* ResetPasswordWithMenuViewController.swift */; };
		4810C815230C018B00B6ACA4 /* GoogleSans-Bold.ttf in Resources */ = {isa = PBXBuildFile; fileRef = 4810C814230C018B00B6ACA4 /* GoogleSans-Bold.ttf */; };
		4810C817230C04F100B6ACA4 /* ComingSoonViewController.swift in Sources */ = {isa = PBXBuildFile; fileRef = 4810C816230C04F100B6ACA4 /* ComingSoonViewController.swift */; };
		4810C81923116D1C00B6ACA4 /* ReportPostViewController.swift in Sources */ = {isa = PBXBuildFile; fileRef = 4810C81823116D1C00B6ACA4 /* ReportPostViewController.swift */; };
		4810C81B2311759C00B6ACA4 /* GoogleSans-Regular.ttf in Resources */ = {isa = PBXBuildFile; fileRef = 4810C81A2311759C00B6ACA4 /* GoogleSans-Regular.ttf */; };
		4810C81F231189BD00B6ACA4 /* GoogleSans-Medium.ttf in Resources */ = {isa = PBXBuildFile; fileRef = 4810C81E231189BC00B6ACA4 /* GoogleSans-Medium.ttf */; };
		48216E19231BC1E300ADE8D5 /* ProfileViewController.swift in Sources */ = {isa = PBXBuildFile; fileRef = 48216E18231BC1E300ADE8D5 /* ProfileViewController.swift */; };
		48216E3D2326C4EB00ADE8D5 /* TermsAndCondtionsAndPrivacyViewController.swift in Sources */ = {isa = PBXBuildFile; fileRef = 48216E3C2326C4EB00ADE8D5 /* TermsAndCondtionsAndPrivacyViewController.swift */; };
		48216E3F2326CAB200ADE8D5 /* WebKit.framework in Frameworks */ = {isa = PBXBuildFile; fileRef = 48216E3E2326CAB200ADE8D5 /* WebKit.framework */; };
		48222DF223131FB700751CB7 /* FullSizeImageViewController.swift in Sources */ = {isa = PBXBuildFile; fileRef = 48222DF123131FB700751CB7 /* FullSizeImageViewController.swift */; };
		482D2C2123A215C90024CF00 /* RemovePresentationsFileCell.swift in Sources */ = {isa = PBXBuildFile; fileRef = 482D2C2023A215C90024CF00 /* RemovePresentationsFileCell.swift */; };
		482D2C2323A5312F0024CF00 /* EditPresentationTableViewCell.swift in Sources */ = {isa = PBXBuildFile; fileRef = 482D2C2223A5312F0024CF00 /* EditPresentationTableViewCell.swift */; };
		483DF7D1236807460081A157 /* CustomPopUpViewController.swift in Sources */ = {isa = PBXBuildFile; fileRef = 483DF7D0236807460081A157 /* CustomPopUpViewController.swift */; };
		48415FAF2163A7FB00D96DA6 /* ImaginingLinkTests.swift in Sources */ = {isa = PBXBuildFile; fileRef = 48415FA42163A6B800D96DA6 /* ImaginingLinkTests.swift */; };
		48415FB02163A80000D96DA6 /* ImaginingLinkUITests.swift in Sources */ = {isa = PBXBuildFile; fileRef = 48415FA72163A6B900D96DA6 /* ImaginingLinkUITests.swift */; };
		484279311FF39B9E0056A089 /* AppDelegate.swift in Sources */ = {isa = PBXBuildFile; fileRef = 484279301FF39B9E0056A089 /* AppDelegate.swift */; };
		484279331FF39B9E0056A089 /* ViewController.swift in Sources */ = {isa = PBXBuildFile; fileRef = 484279321FF39B9E0056A089 /* ViewController.swift */; };
		484279361FF39B9E0056A089 /* Main.storyboard in Resources */ = {isa = PBXBuildFile; fileRef = 484279341FF39B9E0056A089 /* Main.storyboard */; };
		4842793B1FF39B9E0056A089 /* LaunchScreen.storyboard in Resources */ = {isa = PBXBuildFile; fileRef = 484279391FF39B9E0056A089 /* LaunchScreen.storyboard */; };
		485E3DCF2377F09E00B94F05 /* AddCommentReplyViewController.swift in Sources */ = {isa = PBXBuildFile; fileRef = 485E3DCE2377F09E00B94F05 /* AddCommentReplyViewController.swift */; };
		488BD073218B4F2D003998AC /* ImageTableViewCell.swift in Sources */ = {isa = PBXBuildFile; fileRef = 488BD072218B4F2D003998AC /* ImageTableViewCell.swift */; };
		488BD075218B4F4E003998AC /* PresentationDetailTextCell.swift in Sources */ = {isa = PBXBuildFile; fileRef = 488BD074218B4F4E003998AC /* PresentationDetailTextCell.swift */; };
		488BD077218B4F98003998AC /* CommentTableViewCell.swift in Sources */ = {isa = PBXBuildFile; fileRef = 488BD076218B4F98003998AC /* CommentTableViewCell.swift */; };
		488BD079218B4FB7003998AC /* CommentListTableViewCell.swift in Sources */ = {isa = PBXBuildFile; fileRef = 488BD078218B4FB7003998AC /* CommentListTableViewCell.swift */; };
		4897CCE520038E6500360EB7 /* SSHttpRequest.swift in Sources */ = {isa = PBXBuildFile; fileRef = 4897CCE420038E6500360EB7 /* SSHttpRequest.swift */; };
		4897CCE720038E7200360EB7 /* SSHttpResponse.swift in Sources */ = {isa = PBXBuildFile; fileRef = 4897CCE620038E7200360EB7 /* SSHttpResponse.swift */; };
		4897CCEA20039B9D00360EB7 /* StringExtension.swift in Sources */ = {isa = PBXBuildFile; fileRef = 4897CCE920039B9D00360EB7 /* StringExtension.swift */; };
		48A0799E23DC99F900495BC2 /* FilterPublishViewController.swift in Sources */ = {isa = PBXBuildFile; fileRef = 48A0799D23DC99F900495BC2 /* FilterPublishViewController.swift */; };
		48A7A5F92330B196008A2EB3 /* SF-Pro-Display-Medium.otf in Resources */ = {isa = PBXBuildFile; fileRef = 48A7A5F82330B196008A2EB3 /* SF-Pro-Display-Medium.otf */; };
		48B6EDBE235CD25A00C1152D /* UpdatePresentationViewController.swift in Sources */ = {isa = PBXBuildFile; fileRef = 48B6EDBD235CD25A00C1152D /* UpdatePresentationViewController.swift */; };
		48B6EDC0235D4AE700C1152D /* FinalSubmissionViewController.swift in Sources */ = {isa = PBXBuildFile; fileRef = 48B6EDBF235D4AE700C1152D /* FinalSubmissionViewController.swift */; };
		48CCC16D239CDD7100CBD5F5 /* SendCommentTableViewCell.swift in Sources */ = {isa = PBXBuildFile; fileRef = 48CCC16C239CDD7100CBD5F5 /* SendCommentTableViewCell.swift */; };
		48F4F41C2004CE55005CD239 /* CoreAPI.swift in Sources */ = {isa = PBXBuildFile; fileRef = 48F4F41B2004CE54005CD239 /* CoreAPI.swift */; };
		48F7F1871FFE0412008D827A /* Constants.swift in Sources */ = {isa = PBXBuildFile; fileRef = 48F7F1861FFE0412008D827A /* Constants.swift */; };
		48FB2896246FD96200277FD0 /* Privacy Policy.pdf in Resources */ = {isa = PBXBuildFile; fileRef = 48FB2894246FD96200277FD0 /* Privacy Policy.pdf */; };
		48FB2897246FD96200277FD0 /* Terms and Conditions.pdf in Resources */ = {isa = PBXBuildFile; fileRef = 48FB2895246FD96200277FD0 /* Terms and Conditions.pdf */; };
		48FB28AE247121B900277FD0 /* FaqViewController.swift in Sources */ = {isa = PBXBuildFile; fileRef = 48FB28AD247121B900277FD0 /* FaqViewController.swift */; };
		48FB28B02471420500277FD0 /* faqs.json in Resources */ = {isa = PBXBuildFile; fileRef = 48FB28AF2471420500277FD0 /* faqs.json */; };
		48FB28B22475051A00277FD0 /* Settings.storyboard in Resources */ = {isa = PBXBuildFile; fileRef = 48FB28B12475051A00277FD0 /* Settings.storyboard */; };
		48FB28B42476ADBC00277FD0 /* ContactUSViewController.swift in Sources */ = {isa = PBXBuildFile; fileRef = 48FB28B32476ADBC00277FD0 /* ContactUSViewController.swift */; };
		48FC9DA120B1B99D00838CA7 /* Assets.xcassets in Resources */ = {isa = PBXBuildFile; fileRef = 48FC9DA020B1B99D00838CA7 /* Assets.xcassets */; };
		48FFC674217F82A300AB09D5 /* TwofactorAuthenticationViewController.swift in Sources */ = {isa = PBXBuildFile; fileRef = 48FFC673217F82A300AB09D5 /* TwofactorAuthenticationViewController.swift */; };
		93BA89501F41BC6C39FEC9D3 /* Pods_ImaginingLink.framework in Frameworks */ = {isa = PBXBuildFile; fileRef = 12DE6B9D2B8B81FB57AC5372 /* Pods_ImaginingLink.framework */; };
		AC01CA5320C05DF200034C90 /* Roboto-Regular.ttf in Resources */ = {isa = PBXBuildFile; fileRef = AC01CA5220C05DF100034C90 /* Roboto-Regular.ttf */; };
		AC01CA5520C05E4D00034C90 /* Roboto-Light.ttf in Resources */ = {isa = PBXBuildFile; fileRef = AC01CA5420C05E4C00034C90 /* Roboto-Light.ttf */; };
		AC099D8120F79D6D0090B0CA /* LoaderView.storyboard in Resources */ = {isa = PBXBuildFile; fileRef = AC099D8020F79D6D0090B0CA /* LoaderView.storyboard */; };
		AC099D8320F79DEE0090B0CA /* LoaderView.swift in Sources */ = {isa = PBXBuildFile; fileRef = AC099D8220F79DEE0090B0CA /* LoaderView.swift */; };
		AC0AD38E20D13C4100FCB371 /* ListViewController.swift in Sources */ = {isa = PBXBuildFile; fileRef = AC0AD38D20D13C4100FCB371 /* ListViewController.swift */; };
		AC0AD39020D13C5800FCB371 /* ListView.storyboard in Resources */ = {isa = PBXBuildFile; fileRef = AC0AD38F20D13C5800FCB371 /* ListView.storyboard */; };
		AC0AD39220D13CDE00FCB371 /* ListViewTableViewCell.swift in Sources */ = {isa = PBXBuildFile; fileRef = AC0AD39120D13CDE00FCB371 /* ListViewTableViewCell.swift */; };
		AC0E194F215AA49A00ADAFB1 /* SignInLabel.swift in Sources */ = {isa = PBXBuildFile; fileRef = AC0E194E215AA49A00ADAFB1 /* SignInLabel.swift */; };
		AC12A32F217A27B900858A47 /* AlreadyHaveOTPViewController.swift in Sources */ = {isa = PBXBuildFile; fileRef = AC12A32E217A27B800858A47 /* AlreadyHaveOTPViewController.swift */; };
		AC130700218A030500790E9A /* FinalLoginViewController.swift in Sources */ = {isa = PBXBuildFile; fileRef = AC1306FF218A030500790E9A /* FinalLoginViewController.swift */; };
		AC130702218A035900790E9A /* EmailchangeOTPViewcontroller.swift in Sources */ = {isa = PBXBuildFile; fileRef = AC130701218A035900790E9A /* EmailchangeOTPViewcontroller.swift */; };
		AC153A49217E265C0017692B /* BaseHamburgerViewController.swift in Sources */ = {isa = PBXBuildFile; fileRef = AC153A48217E265C0017692B /* BaseHamburgerViewController.swift */; };
		AC1F1D272126DFDA00A57DD4 /* MenuViewcontrollerTableCell.swift in Sources */ = {isa = PBXBuildFile; fileRef = AC1F1D262126DFDA00A57DD4 /* MenuViewcontrollerTableCell.swift */; };
		AC20EE8121908E900083AAFE /* PresentationDetailViewcontroller.swift in Sources */ = {isa = PBXBuildFile; fileRef = AC20EE8021908E900083AAFE /* PresentationDetailViewcontroller.swift */; };
		AC269DE521A5CB59004696DE /* WSDownloadFilesManager.swift in Sources */ = {isa = PBXBuildFile; fileRef = AC269DE421A5CB59004696DE /* WSDownloadFilesManager.swift */; };
		AC323B3320FF750F0015ECB4 /* SF-Pro-Display-Regular.ttf in Resources */ = {isa = PBXBuildFile; fileRef = AC323B3220FF750E0015ECB4 /* SF-Pro-Display-Regular.ttf */; };
		AC323B3520FF76BD0015ECB4 /* SF-Pro-Display-Semibold.ttf in Resources */ = {isa = PBXBuildFile; fileRef = AC323B3420FF76BC0015ECB4 /* SF-Pro-Display-Semibold.ttf */; };
		AC323B3820FF822A0015ECB4 /* Verification.storyboard in Resources */ = {isa = PBXBuildFile; fileRef = AC323B3720FF822A0015ECB4 /* Verification.storyboard */; };
		AC323B3B20FF826C0015ECB4 /* MobileVerificationsViewcontroller.swift in Sources */ = {isa = PBXBuildFile; fileRef = AC323B3A20FF826C0015ECB4 /* MobileVerificationsViewcontroller.swift */; };
		AC3AD4E42188A72D00B1B81A /* LogOutTableViewCell.swift in Sources */ = {isa = PBXBuildFile; fileRef = AC3AD4E32188A72D00B1B81A /* LogOutTableViewCell.swift */; };
		AC4843F92126A3B3003492DB /* ILTabViewController.swift in Sources */ = {isa = PBXBuildFile; fileRef = AC4843F82126A3B3003492DB /* ILTabViewController.swift */; };
		AC4B6F59224BDB5700576C7D /* FloatingLabel.swift in Sources */ = {isa = PBXBuildFile; fileRef = AC4B6F58224BDB5700576C7D /* FloatingLabel.swift */; };
		AC6046AB2110144F006A42F3 /* ForgotPasswordViewController.swift in Sources */ = {isa = PBXBuildFile; fileRef = AC6046AA2110144F006A42F3 /* ForgotPasswordViewController.swift */; };
		AC6046AD211018E0006A42F3 /* SF-Pro-Display-Light.ttf in Resources */ = {isa = PBXBuildFile; fileRef = AC6046AC211018DE006A42F3 /* SF-Pro-Display-Light.ttf */; };
		AC7E37652111EDA300A0263D /* ResetPasswordViewContoller.swift in Sources */ = {isa = PBXBuildFile; fileRef = AC7E37642111EDA300A0263D /* ResetPasswordViewContoller.swift */; };
		AC9159FA210613D30018CB94 /* MobileOTPVirecontroller.swift in Sources */ = {isa = PBXBuildFile; fileRef = AC9159F9210613D30018CB94 /* MobileOTPVirecontroller.swift */; };
		AC9159FC21061D1C0018CB94 /* DashBoard.storyboard in Resources */ = {isa = PBXBuildFile; fileRef = AC9159FB21061D1C0018CB94 /* DashBoard.storyboard */; };
		ACB08028212ACAEB0061B5D2 /* BaseViewController.swift in Sources */ = {isa = PBXBuildFile; fileRef = ACB08027212ACAEB0061B5D2 /* BaseViewController.swift */; };
		ACC94BDA210B4AE9009D6B2F /* PresentationViewController.swift in Sources */ = {isa = PBXBuildFile; fileRef = ACC94BD9210B4AE9009D6B2F /* PresentationViewController.swift */; };
		ACC94BDC210B4DAD009D6B2F /* PresentationTableViewCell.swift in Sources */ = {isa = PBXBuildFile; fileRef = ACC94BDB210B4DAD009D6B2F /* PresentationTableViewCell.swift */; };
		ACC98D11211B37F00098B53A /* MenuViewController.swift in Sources */ = {isa = PBXBuildFile; fileRef = ACC98D10211B37F00098B53A /* MenuViewController.swift */; };
		ACCA1D152107697600383104 /* DashBoardViewController.swift in Sources */ = {isa = PBXBuildFile; fileRef = ACCA1D142107697600383104 /* DashBoardViewController.swift */; };
		ACCA1D1721076D1B00383104 /* DashBoardCollectionViewCell.swift in Sources */ = {isa = PBXBuildFile; fileRef = ACCA1D1621076D1B00383104 /* DashBoardCollectionViewCell.swift */; };
		ACD18C7220C550210059DE7B /* Roboto-Bold.ttf in Resources */ = {isa = PBXBuildFile; fileRef = ACD18C7120C550200059DE7B /* Roboto-Bold.ttf */; };
		ACD18C7420C551D50059DE7B /* TwoFactorAuthenticationViewcontroller.swift in Sources */ = {isa = PBXBuildFile; fileRef = ACD18C7320C551D50059DE7B /* TwoFactorAuthenticationViewcontroller.swift */; };
		ACD18C7620C586E20059DE7B /* EmailSuccessViewController.swift in Sources */ = {isa = PBXBuildFile; fileRef = ACD18C7520C586E20059DE7B /* EmailSuccessViewController.swift */; };
		ACE9CA8F21188FFD00AAC035 /* ILUtility.swift in Sources */ = {isa = PBXBuildFile; fileRef = ACE9CA8E21188FFD00AAC035 /* ILUtility.swift */; };
		BC0B83A120BC6E490082A53B /* EmailScreenViewcontroller.swift in Sources */ = {isa = PBXBuildFile; fileRef = BC0B83A020BC6E490082A53B /* EmailScreenViewcontroller.swift */; };
		BC9DD97B20B82541003CA4A6 /* WebServiceHandler.swift in Sources */ = {isa = PBXBuildFile; fileRef = BC9DD97A20B82541003CA4A6 /* WebServiceHandler.swift */; };
		BCFFFBB320BAEE5A003A0652 /* SignInViewController.swift in Sources */ = {isa = PBXBuildFile; fileRef = BCFFFBB220BAEE5A003A0652 /* SignInViewController.swift */; };
		BCFFFBB520BAEE79003A0652 /* SignUpViewcontroller.swift in Sources */ = {isa = PBXBuildFile; fileRef = BCFFFBB420BAEE79003A0652 /* SignUpViewcontroller.swift */; };
		BCFFFBB720BAEEB0003A0652 /* OTPViewcontroller.swift in Sources */ = {isa = PBXBuildFile; fileRef = BCFFFBB620BAEEB0003A0652 /* OTPViewcontroller.swift */; };
		EBCA96EBD129E41C426157E7 /* Pods_ImaginingLinkTests.framework in Frameworks */ = {isa = PBXBuildFile; fileRef = FAA5B3B3E6564EF9FE08AB07 /* Pods_ImaginingLinkTests.framework */; };
/* End PBXBuildFile section */

/* Begin PBXContainerItemProxy section */
		484279421FF39B9E0056A089 /* PBXContainerItemProxy */ = {
			isa = PBXContainerItemProxy;
			containerPortal = 484279251FF39B9E0056A089 /* Project object */;
			proxyType = 1;
			remoteGlobalIDString = 4842792C1FF39B9E0056A089;
			remoteInfo = ImaginingLink;
		};
		4842794D1FF39B9E0056A089 /* PBXContainerItemProxy */ = {
			isa = PBXContainerItemProxy;
			containerPortal = 484279251FF39B9E0056A089 /* Project object */;
			proxyType = 1;
			remoteGlobalIDString = 4842792C1FF39B9E0056A089;
			remoteInfo = ImaginingLink;
		};
/* End PBXContainerItemProxy section */

/* Begin PBXFileReference section */
		0B4E298B8A48F76227B0233E /* Pods-ImaginingLinkTests.release.xcconfig */ = {isa = PBXFileReference; includeInIndex = 1; lastKnownFileType = text.xcconfig; name = "Pods-ImaginingLinkTests.release.xcconfig"; path = "Target Support Files/Pods-ImaginingLinkTests/Pods-ImaginingLinkTests.release.xcconfig"; sourceTree = "<group>"; };
		0CE7A08417AB810109D83A7C /* Pods-ImaginingLink.debug.xcconfig */ = {isa = PBXFileReference; includeInIndex = 1; lastKnownFileType = text.xcconfig; name = "Pods-ImaginingLink.debug.xcconfig"; path = "Target Support Files/Pods-ImaginingLink/Pods-ImaginingLink.debug.xcconfig"; sourceTree = "<group>"; };
		12DE6B9D2B8B81FB57AC5372 /* Pods_ImaginingLink.framework */ = {isa = PBXFileReference; explicitFileType = wrapper.framework; includeInIndex = 0; path = Pods_ImaginingLink.framework; sourceTree = BUILT_PRODUCTS_DIR; };
		2148841A36F5B347B0C09B12 /* Pods-ImaginingLink.release.xcconfig */ = {isa = PBXFileReference; includeInIndex = 1; lastKnownFileType = text.xcconfig; name = "Pods-ImaginingLink.release.xcconfig"; path = "Target Support Files/Pods-ImaginingLink/Pods-ImaginingLink.release.xcconfig"; sourceTree = "<group>"; };
		2BD0D452ED3A53F4CFD39449 /* Pods-ImaginingLink.pro-release.xcconfig */ = {isa = PBXFileReference; includeInIndex = 1; lastKnownFileType = text.xcconfig; name = "Pods-ImaginingLink.pro-release.xcconfig"; path = "Target Support Files/Pods-ImaginingLink/Pods-ImaginingLink.pro-release.xcconfig"; sourceTree = "<group>"; };
		4803D3342178D82C00C82909 /* InviteFriendsViewController.swift */ = {isa = PBXFileReference; lastKnownFileType = sourcecode.swift; path = InviteFriendsViewController.swift; sourceTree = "<group>"; };
		480A3BE823580B3100EA4EF4 /* Publishing.storyboard */ = {isa = PBXFileReference; lastKnownFileType = file.storyboard; path = Publishing.storyboard; sourceTree = "<group>"; };
		480A3BEB2359847100EA4EF4 /* PublishStepOneViewController.swift */ = {isa = PBXFileReference; lastKnownFileType = sourcecode.swift; path = PublishStepOneViewController.swift; sourceTree = "<group>"; };
		480A3BED235ADAFF00EA4EF4 /* PageViewController.swift */ = {isa = PBXFileReference; lastKnownFileType = sourcecode.swift; path = PageViewController.swift; sourceTree = "<group>"; };
		480A3BEF235B762B00EA4EF4 /* CreatePresentationViewController.swift */ = {isa = PBXFileReference; lastKnownFileType = sourcecode.swift; path = CreatePresentationViewController.swift; sourceTree = "<group>"; };
		480D5DBD23E9293A0019848C /* MyPresentationsViewController.swift */ = {isa = PBXFileReference; lastKnownFileType = sourcecode.swift; path = MyPresentationsViewController.swift; sourceTree = "<group>"; };
		480D9B082177A32C000DEBFC /* ChangeEmailViewController.swift */ = {isa = PBXFileReference; lastKnownFileType = sourcecode.swift; path = ChangeEmailViewController.swift; sourceTree = "<group>"; };
		481023F12180D79A00ED37A7 /* ResetPasswordWithMenuViewController.swift */ = {isa = PBXFileReference; lastKnownFileType = sourcecode.swift; path = ResetPasswordWithMenuViewController.swift; sourceTree = "<group>"; };
		4810C814230C018B00B6ACA4 /* GoogleSans-Bold.ttf */ = {isa = PBXFileReference; lastKnownFileType = file; path = "GoogleSans-Bold.ttf"; sourceTree = "<group>"; };
		4810C816230C04F100B6ACA4 /* ComingSoonViewController.swift */ = {isa = PBXFileReference; lastKnownFileType = sourcecode.swift; path = ComingSoonViewController.swift; sourceTree = "<group>"; };
		4810C81823116D1C00B6ACA4 /* ReportPostViewController.swift */ = {isa = PBXFileReference; lastKnownFileType = sourcecode.swift; path = ReportPostViewController.swift; sourceTree = "<group>"; };
		4810C81A2311759C00B6ACA4 /* GoogleSans-Regular.ttf */ = {isa = PBXFileReference; lastKnownFileType = file; path = "GoogleSans-Regular.ttf"; sourceTree = "<group>"; };
		4810C81E231189BC00B6ACA4 /* GoogleSans-Medium.ttf */ = {isa = PBXFileReference; lastKnownFileType = file; path = "GoogleSans-Medium.ttf"; sourceTree = "<group>"; };
		48216E18231BC1E300ADE8D5 /* ProfileViewController.swift */ = {isa = PBXFileReference; lastKnownFileType = sourcecode.swift; path = ProfileViewController.swift; sourceTree = "<group>"; };
		48216E3C2326C4EB00ADE8D5 /* TermsAndCondtionsAndPrivacyViewController.swift */ = {isa = PBXFileReference; lastKnownFileType = sourcecode.swift; path = TermsAndCondtionsAndPrivacyViewController.swift; sourceTree = "<group>"; };
		48216E3E2326CAB200ADE8D5 /* WebKit.framework */ = {isa = PBXFileReference; lastKnownFileType = wrapper.framework; name = WebKit.framework; path = System/Library/Frameworks/WebKit.framework; sourceTree = SDKROOT; };
		48222DF123131FB700751CB7 /* FullSizeImageViewController.swift */ = {isa = PBXFileReference; lastKnownFileType = sourcecode.swift; path = FullSizeImageViewController.swift; sourceTree = "<group>"; };
		482D2C2023A215C90024CF00 /* RemovePresentationsFileCell.swift */ = {isa = PBXFileReference; lastKnownFileType = sourcecode.swift; path = RemovePresentationsFileCell.swift; sourceTree = "<group>"; };
		482D2C2223A5312F0024CF00 /* EditPresentationTableViewCell.swift */ = {isa = PBXFileReference; lastKnownFileType = sourcecode.swift; path = EditPresentationTableViewCell.swift; sourceTree = "<group>"; };
		483DF7D0236807460081A157 /* CustomPopUpViewController.swift */ = {isa = PBXFileReference; lastKnownFileType = sourcecode.swift; path = CustomPopUpViewController.swift; sourceTree = "<group>"; };
		48415FA42163A6B800D96DA6 /* ImaginingLinkTests.swift */ = {isa = PBXFileReference; fileEncoding = 4; lastKnownFileType = sourcecode.swift; path = ImaginingLinkTests.swift; sourceTree = "<group>"; };
		48415FA52163A6B800D96DA6 /* Info.plist */ = {isa = PBXFileReference; fileEncoding = 4; lastKnownFileType = text.plist.xml; path = Info.plist; sourceTree = "<group>"; };
		48415FA72163A6B900D96DA6 /* ImaginingLinkUITests.swift */ = {isa = PBXFileReference; fileEncoding = 4; lastKnownFileType = sourcecode.swift; path = ImaginingLinkUITests.swift; sourceTree = "<group>"; };
		48415FA82163A6B900D96DA6 /* Info.plist */ = {isa = PBXFileReference; fileEncoding = 4; lastKnownFileType = text.plist.xml; path = Info.plist; sourceTree = "<group>"; };
		4842792D1FF39B9E0056A089 /* ImagingLink.app */ = {isa = PBXFileReference; explicitFileType = wrapper.application; includeInIndex = 0; path = ImagingLink.app; sourceTree = BUILT_PRODUCTS_DIR; };
		484279301FF39B9E0056A089 /* AppDelegate.swift */ = {isa = PBXFileReference; lastKnownFileType = sourcecode.swift; path = AppDelegate.swift; sourceTree = "<group>"; };
		484279321FF39B9E0056A089 /* ViewController.swift */ = {isa = PBXFileReference; lastKnownFileType = sourcecode.swift; path = ViewController.swift; sourceTree = "<group>"; };
		484279351FF39B9E0056A089 /* Base */ = {isa = PBXFileReference; lastKnownFileType = file.storyboard; name = Base; path = Base.lproj/Main.storyboard; sourceTree = "<group>"; };
		4842793A1FF39B9E0056A089 /* Base */ = {isa = PBXFileReference; lastKnownFileType = file.storyboard; name = Base; path = Base.lproj/LaunchScreen.storyboard; sourceTree = "<group>"; };
		4842793C1FF39B9E0056A089 /* Info.plist */ = {isa = PBXFileReference; lastKnownFileType = text.plist.xml; path = Info.plist; sourceTree = "<group>"; };
		484279411FF39B9E0056A089 /* ImaginingLinkTests.xctest */ = {isa = PBXFileReference; explicitFileType = wrapper.cfbundle; includeInIndex = 0; path = ImaginingLinkTests.xctest; sourceTree = BUILT_PRODUCTS_DIR; };
		4842794C1FF39B9E0056A089 /* ImaginingLinkUITests.xctest */ = {isa = PBXFileReference; explicitFileType = wrapper.cfbundle; includeInIndex = 0; path = ImaginingLinkUITests.xctest; sourceTree = BUILT_PRODUCTS_DIR; };
		485E3DCE2377F09E00B94F05 /* AddCommentReplyViewController.swift */ = {isa = PBXFileReference; lastKnownFileType = sourcecode.swift; path = AddCommentReplyViewController.swift; sourceTree = "<group>"; };
		488BD072218B4F2D003998AC /* ImageTableViewCell.swift */ = {isa = PBXFileReference; lastKnownFileType = sourcecode.swift; path = ImageTableViewCell.swift; sourceTree = "<group>"; };
		488BD074218B4F4E003998AC /* PresentationDetailTextCell.swift */ = {isa = PBXFileReference; lastKnownFileType = sourcecode.swift; path = PresentationDetailTextCell.swift; sourceTree = "<group>"; };
		488BD076218B4F98003998AC /* CommentTableViewCell.swift */ = {isa = PBXFileReference; lastKnownFileType = sourcecode.swift; path = CommentTableViewCell.swift; sourceTree = "<group>"; };
		488BD078218B4FB7003998AC /* CommentListTableViewCell.swift */ = {isa = PBXFileReference; lastKnownFileType = sourcecode.swift; path = CommentListTableViewCell.swift; sourceTree = "<group>"; };
		4897CCE420038E6500360EB7 /* SSHttpRequest.swift */ = {isa = PBXFileReference; lastKnownFileType = sourcecode.swift; path = SSHttpRequest.swift; sourceTree = "<group>"; };
		4897CCE620038E7200360EB7 /* SSHttpResponse.swift */ = {isa = PBXFileReference; lastKnownFileType = sourcecode.swift; path = SSHttpResponse.swift; sourceTree = "<group>"; };
		4897CCE920039B9D00360EB7 /* StringExtension.swift */ = {isa = PBXFileReference; lastKnownFileType = sourcecode.swift; path = StringExtension.swift; sourceTree = "<group>"; };
		48A0799D23DC99F900495BC2 /* FilterPublishViewController.swift */ = {isa = PBXFileReference; lastKnownFileType = sourcecode.swift; path = FilterPublishViewController.swift; sourceTree = "<group>"; };
		48A7A5F82330B196008A2EB3 /* SF-Pro-Display-Medium.otf */ = {isa = PBXFileReference; lastKnownFileType = file; path = "SF-Pro-Display-Medium.otf"; sourceTree = "<group>"; };
		48B6EDBD235CD25A00C1152D /* UpdatePresentationViewController.swift */ = {isa = PBXFileReference; lastKnownFileType = sourcecode.swift; path = UpdatePresentationViewController.swift; sourceTree = "<group>"; };
		48B6EDBF235D4AE700C1152D /* FinalSubmissionViewController.swift */ = {isa = PBXFileReference; lastKnownFileType = sourcecode.swift; path = FinalSubmissionViewController.swift; sourceTree = "<group>"; };
		48CCC16C239CDD7100CBD5F5 /* SendCommentTableViewCell.swift */ = {isa = PBXFileReference; lastKnownFileType = sourcecode.swift; path = SendCommentTableViewCell.swift; sourceTree = "<group>"; };
		48F4F41B2004CE54005CD239 /* CoreAPI.swift */ = {isa = PBXFileReference; lastKnownFileType = sourcecode.swift; path = CoreAPI.swift; sourceTree = "<group>"; };
		48F7F1861FFE0412008D827A /* Constants.swift */ = {isa = PBXFileReference; lastKnownFileType = sourcecode.swift; path = Constants.swift; sourceTree = "<group>"; };
		48FB2894246FD96200277FD0 /* Privacy Policy.pdf */ = {isa = PBXFileReference; lastKnownFileType = image.pdf; path = "Privacy Policy.pdf"; sourceTree = "<group>"; };
		48FB2895246FD96200277FD0 /* Terms and Conditions.pdf */ = {isa = PBXFileReference; lastKnownFileType = image.pdf; path = "Terms and Conditions.pdf"; sourceTree = "<group>"; };
		48FB28AD247121B900277FD0 /* FaqViewController.swift */ = {isa = PBXFileReference; lastKnownFileType = sourcecode.swift; path = FaqViewController.swift; sourceTree = "<group>"; };
		48FB28AF2471420500277FD0 /* faqs.json */ = {isa = PBXFileReference; fileEncoding = 4; lastKnownFileType = text.json; path = faqs.json; sourceTree = "<group>"; };
		48FB28B12475051A00277FD0 /* Settings.storyboard */ = {isa = PBXFileReference; lastKnownFileType = file.storyboard; path = Settings.storyboard; sourceTree = "<group>"; };
		48FB28B32476ADBC00277FD0 /* ContactUSViewController.swift */ = {isa = PBXFileReference; lastKnownFileType = sourcecode.swift; path = ContactUSViewController.swift; sourceTree = "<group>"; };
		48FC9DA020B1B99D00838CA7 /* Assets.xcassets */ = {isa = PBXFileReference; lastKnownFileType = folder.assetcatalog; name = Assets.xcassets; path = ImaginingLink/Assets.xcassets; sourceTree = "<group>"; };
		48FFC673217F82A300AB09D5 /* TwofactorAuthenticationViewController.swift */ = {isa = PBXFileReference; lastKnownFileType = sourcecode.swift; path = TwofactorAuthenticationViewController.swift; sourceTree = "<group>"; };
		5E2205A4460125CD687F4CB7 /* Pods-ImaginingLinkTests.pro-release.xcconfig */ = {isa = PBXFileReference; includeInIndex = 1; lastKnownFileType = text.xcconfig; name = "Pods-ImaginingLinkTests.pro-release.xcconfig"; path = "Target Support Files/Pods-ImaginingLinkTests/Pods-ImaginingLinkTests.pro-release.xcconfig"; sourceTree = "<group>"; };
		604CE88B0E7A09EC1EA21A61 /* Pods-ImaginingLinkUITests.debug.xcconfig */ = {isa = PBXFileReference; includeInIndex = 1; lastKnownFileType = text.xcconfig; name = "Pods-ImaginingLinkUITests.debug.xcconfig"; path = "Target Support Files/Pods-ImaginingLinkUITests/Pods-ImaginingLinkUITests.debug.xcconfig"; sourceTree = "<group>"; };
		68146003AE08AE2447A023B8 /* Pods-ImaginingLinkUITests.release.xcconfig */ = {isa = PBXFileReference; includeInIndex = 1; lastKnownFileType = text.xcconfig; name = "Pods-ImaginingLinkUITests.release.xcconfig"; path = "Target Support Files/Pods-ImaginingLinkUITests/Pods-ImaginingLinkUITests.release.xcconfig"; sourceTree = "<group>"; };
		8A8331F4445C7E54A9456DFE /* Pods-ImaginingLinkTests.debug.xcconfig */ = {isa = PBXFileReference; includeInIndex = 1; lastKnownFileType = text.xcconfig; name = "Pods-ImaginingLinkTests.debug.xcconfig"; path = "Target Support Files/Pods-ImaginingLinkTests/Pods-ImaginingLinkTests.debug.xcconfig"; sourceTree = "<group>"; };
		A356A7BCC281451D6A159966 /* Pods-ImaginingLink.dev-debug.xcconfig */ = {isa = PBXFileReference; includeInIndex = 1; lastKnownFileType = text.xcconfig; name = "Pods-ImaginingLink.dev-debug.xcconfig"; path = "Target Support Files/Pods-ImaginingLink/Pods-ImaginingLink.dev-debug.xcconfig"; sourceTree = "<group>"; };
		AC01CA5220C05DF100034C90 /* Roboto-Regular.ttf */ = {isa = PBXFileReference; lastKnownFileType = file; path = "Roboto-Regular.ttf"; sourceTree = "<group>"; };
		AC01CA5420C05E4C00034C90 /* Roboto-Light.ttf */ = {isa = PBXFileReference; lastKnownFileType = file; path = "Roboto-Light.ttf"; sourceTree = "<group>"; };
		AC099D8020F79D6D0090B0CA /* LoaderView.storyboard */ = {isa = PBXFileReference; lastKnownFileType = file.storyboard; path = LoaderView.storyboard; sourceTree = "<group>"; };
		AC099D8220F79DEE0090B0CA /* LoaderView.swift */ = {isa = PBXFileReference; lastKnownFileType = sourcecode.swift; path = LoaderView.swift; sourceTree = "<group>"; };
		AC0AD38D20D13C4100FCB371 /* ListViewController.swift */ = {isa = PBXFileReference; lastKnownFileType = sourcecode.swift; path = ListViewController.swift; sourceTree = "<group>"; };
		AC0AD38F20D13C5800FCB371 /* ListView.storyboard */ = {isa = PBXFileReference; lastKnownFileType = file.storyboard; path = ListView.storyboard; sourceTree = "<group>"; };
		AC0AD39120D13CDE00FCB371 /* ListViewTableViewCell.swift */ = {isa = PBXFileReference; lastKnownFileType = sourcecode.swift; path = ListViewTableViewCell.swift; sourceTree = "<group>"; };
		AC0E194E215AA49A00ADAFB1 /* SignInLabel.swift */ = {isa = PBXFileReference; lastKnownFileType = sourcecode.swift; path = SignInLabel.swift; sourceTree = "<group>"; };
		AC12A32E217A27B800858A47 /* AlreadyHaveOTPViewController.swift */ = {isa = PBXFileReference; lastKnownFileType = sourcecode.swift; path = AlreadyHaveOTPViewController.swift; sourceTree = "<group>"; };
		AC1306FF218A030500790E9A /* FinalLoginViewController.swift */ = {isa = PBXFileReference; lastKnownFileType = sourcecode.swift; path = FinalLoginViewController.swift; sourceTree = "<group>"; };
		AC130701218A035900790E9A /* EmailchangeOTPViewcontroller.swift */ = {isa = PBXFileReference; lastKnownFileType = sourcecode.swift; path = EmailchangeOTPViewcontroller.swift; sourceTree = "<group>"; };
		AC153A48217E265C0017692B /* BaseHamburgerViewController.swift */ = {isa = PBXFileReference; lastKnownFileType = sourcecode.swift; path = BaseHamburgerViewController.swift; sourceTree = "<group>"; };
		AC1F1D262126DFDA00A57DD4 /* MenuViewcontrollerTableCell.swift */ = {isa = PBXFileReference; lastKnownFileType = sourcecode.swift; path = MenuViewcontrollerTableCell.swift; sourceTree = "<group>"; };
		AC20EE8021908E900083AAFE /* PresentationDetailViewcontroller.swift */ = {isa = PBXFileReference; lastKnownFileType = sourcecode.swift; path = PresentationDetailViewcontroller.swift; sourceTree = "<group>"; };
		AC269DE421A5CB59004696DE /* WSDownloadFilesManager.swift */ = {isa = PBXFileReference; fileEncoding = 4; lastKnownFileType = sourcecode.swift; path = WSDownloadFilesManager.swift; sourceTree = "<group>"; };
		AC323B3220FF750E0015ECB4 /* SF-Pro-Display-Regular.ttf */ = {isa = PBXFileReference; lastKnownFileType = file; path = "SF-Pro-Display-Regular.ttf"; sourceTree = "<group>"; };
		AC323B3420FF76BC0015ECB4 /* SF-Pro-Display-Semibold.ttf */ = {isa = PBXFileReference; lastKnownFileType = file; path = "SF-Pro-Display-Semibold.ttf"; sourceTree = "<group>"; };
		AC323B3720FF822A0015ECB4 /* Verification.storyboard */ = {isa = PBXFileReference; lastKnownFileType = file.storyboard; path = Verification.storyboard; sourceTree = "<group>"; };
		AC323B3A20FF826C0015ECB4 /* MobileVerificationsViewcontroller.swift */ = {isa = PBXFileReference; lastKnownFileType = sourcecode.swift; path = MobileVerificationsViewcontroller.swift; sourceTree = "<group>"; };
		AC3AD4E32188A72D00B1B81A /* LogOutTableViewCell.swift */ = {isa = PBXFileReference; lastKnownFileType = sourcecode.swift; path = LogOutTableViewCell.swift; sourceTree = "<group>"; };
		AC4843F82126A3B3003492DB /* ILTabViewController.swift */ = {isa = PBXFileReference; lastKnownFileType = sourcecode.swift; path = ILTabViewController.swift; sourceTree = "<group>"; };
		AC4B6F58224BDB5700576C7D /* FloatingLabel.swift */ = {isa = PBXFileReference; lastKnownFileType = sourcecode.swift; path = FloatingLabel.swift; sourceTree = "<group>"; };
		AC6046AA2110144F006A42F3 /* ForgotPasswordViewController.swift */ = {isa = PBXFileReference; lastKnownFileType = sourcecode.swift; path = ForgotPasswordViewController.swift; sourceTree = "<group>"; };
		AC6046AC211018DE006A42F3 /* SF-Pro-Display-Light.ttf */ = {isa = PBXFileReference; lastKnownFileType = file; path = "SF-Pro-Display-Light.ttf"; sourceTree = "<group>"; };
		AC7E37642111EDA300A0263D /* ResetPasswordViewContoller.swift */ = {isa = PBXFileReference; lastKnownFileType = sourcecode.swift; path = ResetPasswordViewContoller.swift; sourceTree = "<group>"; };
		AC9159F9210613D30018CB94 /* MobileOTPVirecontroller.swift */ = {isa = PBXFileReference; lastKnownFileType = sourcecode.swift; path = MobileOTPVirecontroller.swift; sourceTree = "<group>"; };
		AC9159FB21061D1C0018CB94 /* DashBoard.storyboard */ = {isa = PBXFileReference; lastKnownFileType = file.storyboard; path = DashBoard.storyboard; sourceTree = "<group>"; };
		ACB08027212ACAEB0061B5D2 /* BaseViewController.swift */ = {isa = PBXFileReference; lastKnownFileType = sourcecode.swift; path = BaseViewController.swift; sourceTree = "<group>"; };
		ACC94BD9210B4AE9009D6B2F /* PresentationViewController.swift */ = {isa = PBXFileReference; lastKnownFileType = sourcecode.swift; path = PresentationViewController.swift; sourceTree = "<group>"; };
		ACC94BDB210B4DAD009D6B2F /* PresentationTableViewCell.swift */ = {isa = PBXFileReference; lastKnownFileType = sourcecode.swift; path = PresentationTableViewCell.swift; sourceTree = "<group>"; };
		ACC98D10211B37F00098B53A /* MenuViewController.swift */ = {isa = PBXFileReference; lastKnownFileType = sourcecode.swift; path = MenuViewController.swift; sourceTree = "<group>"; };
		ACCA1D142107697600383104 /* DashBoardViewController.swift */ = {isa = PBXFileReference; lastKnownFileType = sourcecode.swift; path = DashBoardViewController.swift; sourceTree = "<group>"; };
		ACCA1D1621076D1B00383104 /* DashBoardCollectionViewCell.swift */ = {isa = PBXFileReference; lastKnownFileType = sourcecode.swift; path = DashBoardCollectionViewCell.swift; sourceTree = "<group>"; };
		ACD18C7120C550200059DE7B /* Roboto-Bold.ttf */ = {isa = PBXFileReference; lastKnownFileType = file; path = "Roboto-Bold.ttf"; sourceTree = "<group>"; };
		ACD18C7320C551D50059DE7B /* TwoFactorAuthenticationViewcontroller.swift */ = {isa = PBXFileReference; lastKnownFileType = sourcecode.swift; path = TwoFactorAuthenticationViewcontroller.swift; sourceTree = "<group>"; };
		ACD18C7520C586E20059DE7B /* EmailSuccessViewController.swift */ = {isa = PBXFileReference; lastKnownFileType = sourcecode.swift; path = EmailSuccessViewController.swift; sourceTree = "<group>"; };
		ACE9CA8E21188FFD00AAC035 /* ILUtility.swift */ = {isa = PBXFileReference; lastKnownFileType = sourcecode.swift; path = ILUtility.swift; sourceTree = "<group>"; };
		BC0B83A020BC6E490082A53B /* EmailScreenViewcontroller.swift */ = {isa = PBXFileReference; lastKnownFileType = sourcecode.swift; path = EmailScreenViewcontroller.swift; sourceTree = "<group>"; };
		BC9A6161720A6335D2E7A78F /* Pods-ImaginingLinkUITests.dev-debug.xcconfig */ = {isa = PBXFileReference; includeInIndex = 1; lastKnownFileType = text.xcconfig; name = "Pods-ImaginingLinkUITests.dev-debug.xcconfig"; path = "Target Support Files/Pods-ImaginingLinkUITests/Pods-ImaginingLinkUITests.dev-debug.xcconfig"; sourceTree = "<group>"; };
		BC9DD97A20B82541003CA4A6 /* WebServiceHandler.swift */ = {isa = PBXFileReference; lastKnownFileType = sourcecode.swift; path = WebServiceHandler.swift; sourceTree = "<group>"; };
		BCFFFBB220BAEE5A003A0652 /* SignInViewController.swift */ = {isa = PBXFileReference; lastKnownFileType = sourcecode.swift; path = SignInViewController.swift; sourceTree = "<group>"; };
		BCFFFBB420BAEE79003A0652 /* SignUpViewcontroller.swift */ = {isa = PBXFileReference; lastKnownFileType = sourcecode.swift; path = SignUpViewcontroller.swift; sourceTree = "<group>"; };
		BCFFFBB620BAEEB0003A0652 /* OTPViewcontroller.swift */ = {isa = PBXFileReference; lastKnownFileType = sourcecode.swift; path = OTPViewcontroller.swift; sourceTree = "<group>"; };
		C609C28BD30E40E7F9CF5CEE /* Pods-ImaginingLinkTests.dev-debug.xcconfig */ = {isa = PBXFileReference; includeInIndex = 1; lastKnownFileType = text.xcconfig; name = "Pods-ImaginingLinkTests.dev-debug.xcconfig"; path = "Target Support Files/Pods-ImaginingLinkTests/Pods-ImaginingLinkTests.dev-debug.xcconfig"; sourceTree = "<group>"; };
		ED31FE4398902952AC91D5E6 /* Pods-ImaginingLinkUITests.pro-release.xcconfig */ = {isa = PBXFileReference; includeInIndex = 1; lastKnownFileType = text.xcconfig; name = "Pods-ImaginingLinkUITests.pro-release.xcconfig"; path = "Target Support Files/Pods-ImaginingLinkUITests/Pods-ImaginingLinkUITests.pro-release.xcconfig"; sourceTree = "<group>"; };
		F6B606B366E0C8E834FE1F10 /* Pods_ImaginingLinkUITests.framework */ = {isa = PBXFileReference; explicitFileType = wrapper.framework; includeInIndex = 0; path = Pods_ImaginingLinkUITests.framework; sourceTree = BUILT_PRODUCTS_DIR; };
		FAA5B3B3E6564EF9FE08AB07 /* Pods_ImaginingLinkTests.framework */ = {isa = PBXFileReference; explicitFileType = wrapper.framework; includeInIndex = 0; path = Pods_ImaginingLinkTests.framework; sourceTree = BUILT_PRODUCTS_DIR; };
/* End PBXFileReference section */

/* Begin PBXFrameworksBuildPhase section */
		4842792A1FF39B9E0056A089 /* Frameworks */ = {
			isa = PBXFrameworksBuildPhase;
			buildActionMask = 2147483647;
			files = (
				48216E3F2326CAB200ADE8D5 /* WebKit.framework in Frameworks */,
				93BA89501F41BC6C39FEC9D3 /* Pods_ImaginingLink.framework in Frameworks */,
			);
			runOnlyForDeploymentPostprocessing = 0;
		};
		4842793E1FF39B9E0056A089 /* Frameworks */ = {
			isa = PBXFrameworksBuildPhase;
			buildActionMask = 2147483647;
			files = (
				EBCA96EBD129E41C426157E7 /* Pods_ImaginingLinkTests.framework in Frameworks */,
			);
			runOnlyForDeploymentPostprocessing = 0;
		};
		484279491FF39B9E0056A089 /* Frameworks */ = {
			isa = PBXFrameworksBuildPhase;
			buildActionMask = 2147483647;
			files = (
				40E5723F3B1EF9AD113EC499 /* Pods_ImaginingLinkUITests.framework in Frameworks */,
			);
			runOnlyForDeploymentPostprocessing = 0;
		};
/* End PBXFrameworksBuildPhase section */

/* Begin PBXGroup section */
		0CB00FE28B470A7BC8EB8190 /* Frameworks */ = {
			isa = PBXGroup;
			children = (
				48216E3E2326CAB200ADE8D5 /* WebKit.framework */,
				12DE6B9D2B8B81FB57AC5372 /* Pods_ImaginingLink.framework */,
				FAA5B3B3E6564EF9FE08AB07 /* Pods_ImaginingLinkTests.framework */,
				F6B606B366E0C8E834FE1F10 /* Pods_ImaginingLinkUITests.framework */,
			);
			name = Frameworks;
			sourceTree = "<group>";
		};
		480A3BEA2359842100EA4EF4 /* Publishing */ = {
			isa = PBXGroup;
			children = (
				48CCC16B239CDD5500CBD5F5 /* Cells */,
				480A3BEB2359847100EA4EF4 /* PublishStepOneViewController.swift */,
				480A3BED235ADAFF00EA4EF4 /* PageViewController.swift */,
				480A3BEF235B762B00EA4EF4 /* CreatePresentationViewController.swift */,
				48B6EDBD235CD25A00C1152D /* UpdatePresentationViewController.swift */,
				48B6EDBF235D4AE700C1152D /* FinalSubmissionViewController.swift */,
				483DF7D0236807460081A157 /* CustomPopUpViewController.swift */,
				48A0799D23DC99F900495BC2 /* FilterPublishViewController.swift */,
				480D5DBD23E9293A0019848C /* MyPresentationsViewController.swift */,
			);
			path = Publishing;
			sourceTree = "<group>";
		};
		483D01481FFB9F4500C04430 /* API */ = {
			isa = PBXGroup;
			children = (
				4897CCE420038E6500360EB7 /* SSHttpRequest.swift */,
				4897CCE620038E7200360EB7 /* SSHttpResponse.swift */,
				BC9DD97A20B82541003CA4A6 /* WebServiceHandler.swift */,
			);
			path = API;
			sourceTree = "<group>";
		};
		48415FA32163A6B800D96DA6 /* ImaginingLinkTests */ = {
			isa = PBXGroup;
			children = (
				48415FA42163A6B800D96DA6 /* ImaginingLinkTests.swift */,
				48415FA52163A6B800D96DA6 /* Info.plist */,
			);
			path = ImaginingLinkTests;
			sourceTree = "<group>";
		};
		48415FA62163A6B900D96DA6 /* ImaginingLinkUITests */ = {
			isa = PBXGroup;
			children = (
				48415FA72163A6B900D96DA6 /* ImaginingLinkUITests.swift */,
				48415FA82163A6B900D96DA6 /* Info.plist */,
			);
			path = ImaginingLinkUITests;
			sourceTree = "<group>";
		};
		484279241FF39B9E0056A089 = {
			isa = PBXGroup;
			children = (
				48FC9DA020B1B99D00838CA7 /* Assets.xcassets */,
				48415FA32163A6B800D96DA6 /* ImaginingLinkTests */,
				48415FA62163A6B900D96DA6 /* ImaginingLinkUITests */,
				4842792F1FF39B9E0056A089 /* ImaginingLink */,
				4842792E1FF39B9E0056A089 /* Products */,
				0CB00FE28B470A7BC8EB8190 /* Frameworks */,
				B4428A25E75762DECD1858EC /* Pods */,
			);
			sourceTree = "<group>";
		};
		4842792E1FF39B9E0056A089 /* Products */ = {
			isa = PBXGroup;
			children = (
				4842792D1FF39B9E0056A089 /* ImagingLink.app */,
				484279411FF39B9E0056A089 /* ImaginingLinkTests.xctest */,
				4842794C1FF39B9E0056A089 /* ImaginingLinkUITests.xctest */,
			);
			name = Products;
			sourceTree = "<group>";
		};
		4842792F1FF39B9E0056A089 /* ImaginingLink */ = {
			isa = PBXGroup;
			children = (
				48FB28A62471208900277FD0 /* Settings */,
				480A3BEA2359842100EA4EF4 /* Publishing */,
				AC269DE421A5CB59004696DE /* WSDownloadFilesManager.swift */,
				AC4843F72126A396003492DB /* TabViewcontroller */,
				ACE9CA8D21188FDD00AAC035 /* Utility */,
				AC323B3920FF82550015ECB4 /* VerificationView */,
				AC323B3620FF81FC0015ECB4 /* StoryBoards */,
				AC0AD38C20D13C2500FCB371 /* CustomViews */,
				AC01CA5120C05DDF00034C90 /* Fonts */,
				BCFFFBB120BAEE34003A0652 /* Views */,
				4897CCE820039B6100360EB7 /* Extensions */,
				483D01481FFB9F4500C04430 /* API */,
				484279301FF39B9E0056A089 /* AppDelegate.swift */,
				484279321FF39B9E0056A089 /* ViewController.swift */,
				48F4F41B2004CE54005CD239 /* CoreAPI.swift */,
				484279341FF39B9E0056A089 /* Main.storyboard */,
				484279391FF39B9E0056A089 /* LaunchScreen.storyboard */,
				4842793C1FF39B9E0056A089 /* Info.plist */,
				48F7F1861FFE0412008D827A /* Constants.swift */,
				48FB2894246FD96200277FD0 /* Privacy Policy.pdf */,
				48FB2895246FD96200277FD0 /* Terms and Conditions.pdf */,
				48FB28AF2471420500277FD0 /* faqs.json */,
			);
			path = ImaginingLink;
			sourceTree = "<group>";
		};
		4897CCE820039B6100360EB7 /* Extensions */ = {
			isa = PBXGroup;
			children = (
				4897CCE920039B9D00360EB7 /* StringExtension.swift */,
			);
			path = Extensions;
			sourceTree = "<group>";
		};
		48CCC16B239CDD5500CBD5F5 /* Cells */ = {
			isa = PBXGroup;
			children = (
				48CCC16C239CDD7100CBD5F5 /* SendCommentTableViewCell.swift */,
				482D2C2023A215C90024CF00 /* RemovePresentationsFileCell.swift */,
				482D2C2223A5312F0024CF00 /* EditPresentationTableViewCell.swift */,
			);
			path = Cells;
			sourceTree = "<group>";
		};
		48FB28A62471208900277FD0 /* Settings */ = {
			isa = PBXGroup;
			children = (
				48FB28AD247121B900277FD0 /* FaqViewController.swift */,
				48FB28B32476ADBC00277FD0 /* ContactUSViewController.swift */,
			);
			path = Settings;
			sourceTree = "<group>";
		};
		AC01CA5120C05DDF00034C90 /* Fonts */ = {
			isa = PBXGroup;
			children = (
				AC6046AC211018DE006A42F3 /* SF-Pro-Display-Light.ttf */,
				4810C814230C018B00B6ACA4 /* GoogleSans-Bold.ttf */,
				AC323B3420FF76BC0015ECB4 /* SF-Pro-Display-Semibold.ttf */,
				4810C81E231189BC00B6ACA4 /* GoogleSans-Medium.ttf */,
				48A7A5F82330B196008A2EB3 /* SF-Pro-Display-Medium.otf */,
				AC323B3220FF750E0015ECB4 /* SF-Pro-Display-Regular.ttf */,
				ACD18C7120C550200059DE7B /* Roboto-Bold.ttf */,
				4810C81A2311759C00B6ACA4 /* GoogleSans-Regular.ttf */,
				AC01CA5420C05E4C00034C90 /* Roboto-Light.ttf */,
				AC01CA5220C05DF100034C90 /* Roboto-Regular.ttf */,
			);
			path = Fonts;
			sourceTree = "<group>";
		};
		AC0AD38C20D13C2500FCB371 /* CustomViews */ = {
			isa = PBXGroup;
			children = (
				AC0AD38D20D13C4100FCB371 /* ListViewController.swift */,
				AC0AD39120D13CDE00FCB371 /* ListViewTableViewCell.swift */,
				AC0AD38F20D13C5800FCB371 /* ListView.storyboard */,
				AC099D8020F79D6D0090B0CA /* LoaderView.storyboard */,
				AC099D8220F79DEE0090B0CA /* LoaderView.swift */,
				AC0E194E215AA49A00ADAFB1 /* SignInLabel.swift */,
				AC153A48217E265C0017692B /* BaseHamburgerViewController.swift */,
				AC4B6F58224BDB5700576C7D /* FloatingLabel.swift */,
			);
			path = CustomViews;
			sourceTree = "<group>";
		};
		AC323B3620FF81FC0015ECB4 /* StoryBoards */ = {
			isa = PBXGroup;
			children = (
				AC323B3720FF822A0015ECB4 /* Verification.storyboard */,
				AC9159FB21061D1C0018CB94 /* DashBoard.storyboard */,
				480A3BE823580B3100EA4EF4 /* Publishing.storyboard */,
				48FB28B12475051A00277FD0 /* Settings.storyboard */,
			);
			path = StoryBoards;
			sourceTree = "<group>";
		};
		AC323B3920FF82550015ECB4 /* VerificationView */ = {
			isa = PBXGroup;
			children = (
				481023F12180D79A00ED37A7 /* ResetPasswordWithMenuViewController.swift */,
				4803D3342178D82C00C82909 /* InviteFriendsViewController.swift */,
				ACB08027212ACAEB0061B5D2 /* BaseViewController.swift */,
				ACCA1D142107697600383104 /* DashBoardViewController.swift */,
				ACC94BDB210B4DAD009D6B2F /* PresentationTableViewCell.swift */,
				AC323B3A20FF826C0015ECB4 /* MobileVerificationsViewcontroller.swift */,
				AC9159F9210613D30018CB94 /* MobileOTPVirecontroller.swift */,
				ACCA1D1621076D1B00383104 /* DashBoardCollectionViewCell.swift */,
				ACC94BD9210B4AE9009D6B2F /* PresentationViewController.swift */,
				ACC98D10211B37F00098B53A /* MenuViewController.swift */,
				AC1F1D262126DFDA00A57DD4 /* MenuViewcontrollerTableCell.swift */,
				480D9B082177A32C000DEBFC /* ChangeEmailViewController.swift */,
				48FFC673217F82A300AB09D5 /* TwofactorAuthenticationViewController.swift */,
				AC3AD4E32188A72D00B1B81A /* LogOutTableViewCell.swift */,
				AC20EE8021908E900083AAFE /* PresentationDetailViewcontroller.swift */,
				485E3DCE2377F09E00B94F05 /* AddCommentReplyViewController.swift */,
				4810C816230C04F100B6ACA4 /* ComingSoonViewController.swift */,
				4810C81823116D1C00B6ACA4 /* ReportPostViewController.swift */,
				48222DF123131FB700751CB7 /* FullSizeImageViewController.swift */,
				48216E3C2326C4EB00ADE8D5 /* TermsAndCondtionsAndPrivacyViewController.swift */,
			);
			path = VerificationView;
			sourceTree = "<group>";
		};
		AC4843F72126A396003492DB /* TabViewcontroller */ = {
			isa = PBXGroup;
			children = (
				AC4843F82126A3B3003492DB /* ILTabViewController.swift */,
			);
			path = TabViewcontroller;
			sourceTree = "<group>";
		};
		ACE9CA8D21188FDD00AAC035 /* Utility */ = {
			isa = PBXGroup;
			children = (
				ACE9CA8E21188FFD00AAC035 /* ILUtility.swift */,
			);
			path = Utility;
			sourceTree = "<group>";
		};
		B4428A25E75762DECD1858EC /* Pods */ = {
			isa = PBXGroup;
			children = (
				0CE7A08417AB810109D83A7C /* Pods-ImaginingLink.debug.xcconfig */,
				A356A7BCC281451D6A159966 /* Pods-ImaginingLink.dev-debug.xcconfig */,
				2148841A36F5B347B0C09B12 /* Pods-ImaginingLink.release.xcconfig */,
				2BD0D452ED3A53F4CFD39449 /* Pods-ImaginingLink.pro-release.xcconfig */,
				8A8331F4445C7E54A9456DFE /* Pods-ImaginingLinkTests.debug.xcconfig */,
				C609C28BD30E40E7F9CF5CEE /* Pods-ImaginingLinkTests.dev-debug.xcconfig */,
				0B4E298B8A48F76227B0233E /* Pods-ImaginingLinkTests.release.xcconfig */,
				5E2205A4460125CD687F4CB7 /* Pods-ImaginingLinkTests.pro-release.xcconfig */,
				604CE88B0E7A09EC1EA21A61 /* Pods-ImaginingLinkUITests.debug.xcconfig */,
				BC9A6161720A6335D2E7A78F /* Pods-ImaginingLinkUITests.dev-debug.xcconfig */,
				68146003AE08AE2447A023B8 /* Pods-ImaginingLinkUITests.release.xcconfig */,
				ED31FE4398902952AC91D5E6 /* Pods-ImaginingLinkUITests.pro-release.xcconfig */,
			);
			path = Pods;
			sourceTree = "<group>";
		};
		BCFFFBB120BAEE34003A0652 /* Views */ = {
			isa = PBXGroup;
			children = (
				AC6046AA2110144F006A42F3 /* ForgotPasswordViewController.swift */,
				BC0B83A020BC6E490082A53B /* EmailScreenViewcontroller.swift */,
				ACD18C7520C586E20059DE7B /* EmailSuccessViewController.swift */,
				BCFFFBB220BAEE5A003A0652 /* SignInViewController.swift */,
				BCFFFBB420BAEE79003A0652 /* SignUpViewcontroller.swift */,
				BCFFFBB620BAEEB0003A0652 /* OTPViewcontroller.swift */,
				ACD18C7320C551D50059DE7B /* TwoFactorAuthenticationViewcontroller.swift */,
				AC7E37642111EDA300A0263D /* ResetPasswordViewContoller.swift */,
				AC12A32E217A27B800858A47 /* AlreadyHaveOTPViewController.swift */,
				48216E18231BC1E300ADE8D5 /* ProfileViewController.swift */,
				488BD072218B4F2D003998AC /* ImageTableViewCell.swift */,
				488BD074218B4F4E003998AC /* PresentationDetailTextCell.swift */,
				AC1306FF218A030500790E9A /* FinalLoginViewController.swift */,
				AC130701218A035900790E9A /* EmailchangeOTPViewcontroller.swift */,
				488BD076218B4F98003998AC /* CommentTableViewCell.swift */,
				488BD078218B4FB7003998AC /* CommentListTableViewCell.swift */,
			);
			path = Views;
			sourceTree = "<group>";
		};
/* End PBXGroup section */

/* Begin PBXNativeTarget section */
		4842792C1FF39B9E0056A089 /* ImaginingLink */ = {
			isa = PBXNativeTarget;
			buildConfigurationList = 484279551FF39B9F0056A089 /* Build configuration list for PBXNativeTarget "ImaginingLink" */;
			buildPhases = (
				33096D68C4829549BC26D6AE /* [CP] Check Pods Manifest.lock */,
				484279291FF39B9E0056A089 /* Sources */,
				4842792A1FF39B9E0056A089 /* Frameworks */,
				4842792B1FF39B9E0056A089 /* Resources */,
				E2C31C6821F455BBECE40067 /* [CP] Embed Pods Frameworks */,
			);
			buildRules = (
			);
			dependencies = (
			);
			name = ImaginingLink;
			productName = ImaginingLink;
			productReference = 4842792D1FF39B9E0056A089 /* ImagingLink.app */;
			productType = "com.apple.product-type.application";
		};
		484279401FF39B9E0056A089 /* ImaginingLinkTests */ = {
			isa = PBXNativeTarget;
			buildConfigurationList = 484279581FF39B9F0056A089 /* Build configuration list for PBXNativeTarget "ImaginingLinkTests" */;
			buildPhases = (
				C05503B73D963AF3499D8D2C /* [CP] Check Pods Manifest.lock */,
				4842793D1FF39B9E0056A089 /* Sources */,
				4842793E1FF39B9E0056A089 /* Frameworks */,
				4842793F1FF39B9E0056A089 /* Resources */,
			);
			buildRules = (
			);
			dependencies = (
				484279431FF39B9E0056A089 /* PBXTargetDependency */,
			);
			name = ImaginingLinkTests;
			productName = ImaginingLinkTests;
			productReference = 484279411FF39B9E0056A089 /* ImaginingLinkTests.xctest */;
			productType = "com.apple.product-type.bundle.unit-test";
		};
		4842794B1FF39B9E0056A089 /* ImaginingLinkUITests */ = {
			isa = PBXNativeTarget;
			buildConfigurationList = 4842795B1FF39B9F0056A089 /* Build configuration list for PBXNativeTarget "ImaginingLinkUITests" */;
			buildPhases = (
				82C87F5178002BC9335D8BEF /* [CP] Check Pods Manifest.lock */,
				484279481FF39B9E0056A089 /* Sources */,
				484279491FF39B9E0056A089 /* Frameworks */,
				4842794A1FF39B9E0056A089 /* Resources */,
			);
			buildRules = (
			);
			dependencies = (
				4842794E1FF39B9E0056A089 /* PBXTargetDependency */,
			);
			name = ImaginingLinkUITests;
			productName = ImaginingLinkUITests;
			productReference = 4842794C1FF39B9E0056A089 /* ImaginingLinkUITests.xctest */;
			productType = "com.apple.product-type.bundle.ui-testing";
		};
/* End PBXNativeTarget section */

/* Begin PBXProject section */
		484279251FF39B9E0056A089 /* Project object */ = {
			isa = PBXProject;
			attributes = {
				LastSwiftUpdateCheck = 0920;
				LastUpgradeCheck = 0930;
				ORGANIZATIONNAME = "Imaginglink Inc";
				TargetAttributes = {
					4842792C1FF39B9E0056A089 = {
						CreatedOnToolsVersion = 9.2;
						ProvisioningStyle = Automatic;
					};
					484279401FF39B9E0056A089 = {
						CreatedOnToolsVersion = 9.2;
						ProvisioningStyle = Automatic;
						TestTargetID = 4842792C1FF39B9E0056A089;
					};
					4842794B1FF39B9E0056A089 = {
						CreatedOnToolsVersion = 9.2;
						ProvisioningStyle = Automatic;
						TestTargetID = 4842792C1FF39B9E0056A089;
					};
				};
			};
			buildConfigurationList = 484279281FF39B9E0056A089 /* Build configuration list for PBXProject "ImaginingLink" */;
			compatibilityVersion = "Xcode 8.0";
			developmentRegion = en;
			hasScannedForEncodings = 0;
			knownRegions = (
				en,
				Base,
			);
			mainGroup = 484279241FF39B9E0056A089;
			productRefGroup = 4842792E1FF39B9E0056A089 /* Products */;
			projectDirPath = "";
			projectRoot = "";
			targets = (
				4842792C1FF39B9E0056A089 /* ImaginingLink */,
				484279401FF39B9E0056A089 /* ImaginingLinkTests */,
				4842794B1FF39B9E0056A089 /* ImaginingLinkUITests */,
			);
		};
/* End PBXProject section */

/* Begin PBXResourcesBuildPhase section */
		4842792B1FF39B9E0056A089 /* Resources */ = {
			isa = PBXResourcesBuildPhase;
			buildActionMask = 2147483647;
			files = (
				48FB2897246FD96200277FD0 /* Terms and Conditions.pdf in Resources */,
				AC323B3820FF822A0015ECB4 /* Verification.storyboard in Resources */,
				4842793B1FF39B9E0056A089 /* LaunchScreen.storyboard in Resources */,
				AC0AD39020D13C5800FCB371 /* ListView.storyboard in Resources */,
				4810C81F231189BD00B6ACA4 /* GoogleSans-Medium.ttf in Resources */,
				AC6046AD211018E0006A42F3 /* SF-Pro-Display-Light.ttf in Resources */,
				480A3BE923580B3100EA4EF4 /* Publishing.storyboard in Resources */,
				AC323B3320FF750F0015ECB4 /* SF-Pro-Display-Regular.ttf in Resources */,
				484279361FF39B9E0056A089 /* Main.storyboard in Resources */,
				ACD18C7220C550210059DE7B /* Roboto-Bold.ttf in Resources */,
				48A7A5F92330B196008A2EB3 /* SF-Pro-Display-Medium.otf in Resources */,
				AC01CA5520C05E4D00034C90 /* Roboto-Light.ttf in Resources */,
				48FB28B02471420500277FD0 /* faqs.json in Resources */,
				48FB28B22475051A00277FD0 /* Settings.storyboard in Resources */,
				AC01CA5320C05DF200034C90 /* Roboto-Regular.ttf in Resources */,
				AC323B3520FF76BD0015ECB4 /* SF-Pro-Display-Semibold.ttf in Resources */,
				AC099D8120F79D6D0090B0CA /* LoaderView.storyboard in Resources */,
				48FC9DA120B1B99D00838CA7 /* Assets.xcassets in Resources */,
				48FB2896246FD96200277FD0 /* Privacy Policy.pdf in Resources */,
				4810C81B2311759C00B6ACA4 /* GoogleSans-Regular.ttf in Resources */,
				AC9159FC21061D1C0018CB94 /* DashBoard.storyboard in Resources */,
				4810C815230C018B00B6ACA4 /* GoogleSans-Bold.ttf in Resources */,
			);
			runOnlyForDeploymentPostprocessing = 0;
		};
		4842793F1FF39B9E0056A089 /* Resources */ = {
			isa = PBXResourcesBuildPhase;
			buildActionMask = 2147483647;
			files = (
			);
			runOnlyForDeploymentPostprocessing = 0;
		};
		4842794A1FF39B9E0056A089 /* Resources */ = {
			isa = PBXResourcesBuildPhase;
			buildActionMask = 2147483647;
			files = (
			);
			runOnlyForDeploymentPostprocessing = 0;
		};
/* End PBXResourcesBuildPhase section */

/* Begin PBXShellScriptBuildPhase section */
		33096D68C4829549BC26D6AE /* [CP] Check Pods Manifest.lock */ = {
			isa = PBXShellScriptBuildPhase;
			buildActionMask = 2147483647;
			files = (
			);
			inputFileListPaths = (
			);
			inputPaths = (
				"${PODS_PODFILE_DIR_PATH}/Podfile.lock",
				"${PODS_ROOT}/Manifest.lock",
			);
			name = "[CP] Check Pods Manifest.lock";
			outputFileListPaths = (
			);
			outputPaths = (
				"$(DERIVED_FILE_DIR)/Pods-ImaginingLink-checkManifestLockResult.txt",
			);
			runOnlyForDeploymentPostprocessing = 0;
			shellPath = /bin/sh;
			shellScript = "diff \"${PODS_PODFILE_DIR_PATH}/Podfile.lock\" \"${PODS_ROOT}/Manifest.lock\" > /dev/null\nif [ $? != 0 ] ; then\n    # print error to STDERR\n    echo \"error: The sandbox is not in sync with the Podfile.lock. Run 'pod install' or update your CocoaPods installation.\" >&2\n    exit 1\nfi\n# This output is used by Xcode 'outputs' to avoid re-running this script phase.\necho \"SUCCESS\" > \"${SCRIPT_OUTPUT_FILE_0}\"\n";
			showEnvVarsInLog = 0;
		};
		82C87F5178002BC9335D8BEF /* [CP] Check Pods Manifest.lock */ = {
			isa = PBXShellScriptBuildPhase;
			buildActionMask = 2147483647;
			files = (
			);
			inputFileListPaths = (
			);
			inputPaths = (
				"${PODS_PODFILE_DIR_PATH}/Podfile.lock",
				"${PODS_ROOT}/Manifest.lock",
			);
			name = "[CP] Check Pods Manifest.lock";
			outputFileListPaths = (
			);
			outputPaths = (
				"$(DERIVED_FILE_DIR)/Pods-ImaginingLinkUITests-checkManifestLockResult.txt",
			);
			runOnlyForDeploymentPostprocessing = 0;
			shellPath = /bin/sh;
			shellScript = "diff \"${PODS_PODFILE_DIR_PATH}/Podfile.lock\" \"${PODS_ROOT}/Manifest.lock\" > /dev/null\nif [ $? != 0 ] ; then\n    # print error to STDERR\n    echo \"error: The sandbox is not in sync with the Podfile.lock. Run 'pod install' or update your CocoaPods installation.\" >&2\n    exit 1\nfi\n# This output is used by Xcode 'outputs' to avoid re-running this script phase.\necho \"SUCCESS\" > \"${SCRIPT_OUTPUT_FILE_0}\"\n";
			showEnvVarsInLog = 0;
		};
		C05503B73D963AF3499D8D2C /* [CP] Check Pods Manifest.lock */ = {
			isa = PBXShellScriptBuildPhase;
			buildActionMask = 2147483647;
			files = (
			);
			inputFileListPaths = (
			);
			inputPaths = (
				"${PODS_PODFILE_DIR_PATH}/Podfile.lock",
				"${PODS_ROOT}/Manifest.lock",
			);
			name = "[CP] Check Pods Manifest.lock";
			outputFileListPaths = (
			);
			outputPaths = (
				"$(DERIVED_FILE_DIR)/Pods-ImaginingLinkTests-checkManifestLockResult.txt",
			);
			runOnlyForDeploymentPostprocessing = 0;
			shellPath = /bin/sh;
			shellScript = "diff \"${PODS_PODFILE_DIR_PATH}/Podfile.lock\" \"${PODS_ROOT}/Manifest.lock\" > /dev/null\nif [ $? != 0 ] ; then\n    # print error to STDERR\n    echo \"error: The sandbox is not in sync with the Podfile.lock. Run 'pod install' or update your CocoaPods installation.\" >&2\n    exit 1\nfi\n# This output is used by Xcode 'outputs' to avoid re-running this script phase.\necho \"SUCCESS\" > \"${SCRIPT_OUTPUT_FILE_0}\"\n";
			showEnvVarsInLog = 0;
		};
		E2C31C6821F455BBECE40067 /* [CP] Embed Pods Frameworks */ = {
			isa = PBXShellScriptBuildPhase;
			buildActionMask = 2147483647;
			files = (
			);
			inputPaths = (
				"${PODS_ROOT}/Target Support Files/Pods-ImaginingLink/Pods-ImaginingLink-frameworks.sh",
				"${BUILT_PRODUCTS_DIR}/Alamofire/Alamofire.framework",
				"${BUILT_PRODUCTS_DIR}/ECSlidingViewController/ECSlidingViewController.framework",
				"${BUILT_PRODUCTS_DIR}/FXBlurView/FXBlurView.framework",
				"${BUILT_PRODUCTS_DIR}/HexColors/HexColors.framework",
				"${BUILT_PRODUCTS_DIR}/IQKeyboardManagerSwift/IQKeyboardManagerSwift.framework",
				"${BUILT_PRODUCTS_DIR}/MBProgressHUD/MBProgressHUD.framework",
				"${BUILT_PRODUCTS_DIR}/MessageBanner/MessageBanner.framework",
				"${BUILT_PRODUCTS_DIR}/SDWebImage/SDWebImage.framework",
				"${BUILT_PRODUCTS_DIR}/SZTextView/SZTextView.framework",
				"${BUILT_PRODUCTS_DIR}/SkyFloatingLabelTextField/SkyFloatingLabelTextField.framework",
			);
			name = "[CP] Embed Pods Frameworks";
			outputPaths = (
				"${TARGET_BUILD_DIR}/${FRAMEWORKS_FOLDER_PATH}/Alamofire.framework",
				"${TARGET_BUILD_DIR}/${FRAMEWORKS_FOLDER_PATH}/ECSlidingViewController.framework",
				"${TARGET_BUILD_DIR}/${FRAMEWORKS_FOLDER_PATH}/FXBlurView.framework",
				"${TARGET_BUILD_DIR}/${FRAMEWORKS_FOLDER_PATH}/HexColors.framework",
				"${TARGET_BUILD_DIR}/${FRAMEWORKS_FOLDER_PATH}/IQKeyboardManagerSwift.framework",
				"${TARGET_BUILD_DIR}/${FRAMEWORKS_FOLDER_PATH}/MBProgressHUD.framework",
				"${TARGET_BUILD_DIR}/${FRAMEWORKS_FOLDER_PATH}/MessageBanner.framework",
				"${TARGET_BUILD_DIR}/${FRAMEWORKS_FOLDER_PATH}/SDWebImage.framework",
				"${TARGET_BUILD_DIR}/${FRAMEWORKS_FOLDER_PATH}/SZTextView.framework",
				"${TARGET_BUILD_DIR}/${FRAMEWORKS_FOLDER_PATH}/SkyFloatingLabelTextField.framework",
			);
			runOnlyForDeploymentPostprocessing = 0;
			shellPath = /bin/sh;
			shellScript = "\"${PODS_ROOT}/Target Support Files/Pods-ImaginingLink/Pods-ImaginingLink-frameworks.sh\"\n";
			showEnvVarsInLog = 0;
		};
/* End PBXShellScriptBuildPhase section */

/* Begin PBXSourcesBuildPhase section */
		484279291FF39B9E0056A089 /* Sources */ = {
			isa = PBXSourcesBuildPhase;
			buildActionMask = 2147483647;
			files = (
				AC4B6F59224BDB5700576C7D /* FloatingLabel.swift in Sources */,
				48CCC16D239CDD7100CBD5F5 /* SendCommentTableViewCell.swift in Sources */,
				480D5DBE23E9293A0019848C /* MyPresentationsViewController.swift in Sources */,
				48216E3D2326C4EB00ADE8D5 /* TermsAndCondtionsAndPrivacyViewController.swift in Sources */,
				ACD18C7420C551D50059DE7B /* TwoFactorAuthenticationViewcontroller.swift in Sources */,
				485E3DCF2377F09E00B94F05 /* AddCommentReplyViewController.swift in Sources */,
				AC130702218A035900790E9A /* EmailchangeOTPViewcontroller.swift in Sources */,
				AC153A49217E265C0017692B /* BaseHamburgerViewController.swift in Sources */,
				4810C817230C04F100B6ACA4 /* ComingSoonViewController.swift in Sources */,
				ACC94BDC210B4DAD009D6B2F /* PresentationTableViewCell.swift in Sources */,
				48FFC674217F82A300AB09D5 /* TwofactorAuthenticationViewController.swift in Sources */,
				480A3BF0235B762B00EA4EF4 /* CreatePresentationViewController.swift in Sources */,
				BCFFFBB320BAEE5A003A0652 /* SignInViewController.swift in Sources */,
				4897CCE520038E6500360EB7 /* SSHttpRequest.swift in Sources */,
				488BD075218B4F4E003998AC /* PresentationDetailTextCell.swift in Sources */,
				482D2C2123A215C90024CF00 /* RemovePresentationsFileCell.swift in Sources */,
				AC0AD38E20D13C4100FCB371 /* ListViewController.swift in Sources */,
				ACB08028212ACAEB0061B5D2 /* BaseViewController.swift in Sources */,
				BCFFFBB720BAEEB0003A0652 /* OTPViewcontroller.swift in Sources */,
				AC3AD4E42188A72D00B1B81A /* LogOutTableViewCell.swift in Sources */,
				480D9B092177A32C000DEBFC /* ChangeEmailViewController.swift in Sources */,
				48A0799E23DC99F900495BC2 /* FilterPublishViewController.swift in Sources */,
				4897CCE720038E7200360EB7 /* SSHttpResponse.swift in Sources */,
				ACCA1D1721076D1B00383104 /* DashBoardCollectionViewCell.swift in Sources */,
				AC12A32F217A27B900858A47 /* AlreadyHaveOTPViewController.swift in Sources */,
				48F4F41C2004CE55005CD239 /* CoreAPI.swift in Sources */,
				AC269DE521A5CB59004696DE /* WSDownloadFilesManager.swift in Sources */,
				ACC94BDA210B4AE9009D6B2F /* PresentationViewController.swift in Sources */,
				48B6EDBE235CD25A00C1152D /* UpdatePresentationViewController.swift in Sources */,
				AC323B3B20FF826C0015ECB4 /* MobileVerificationsViewcontroller.swift in Sources */,
				AC099D8320F79DEE0090B0CA /* LoaderView.swift in Sources */,
				ACD18C7620C586E20059DE7B /* EmailSuccessViewController.swift in Sources */,
				48216E19231BC1E300ADE8D5 /* ProfileViewController.swift in Sources */,
				480A3BEC2359847100EA4EF4 /* PublishStepOneViewController.swift in Sources */,
				48222DF223131FB700751CB7 /* FullSizeImageViewController.swift in Sources */,
				484279331FF39B9E0056A089 /* ViewController.swift in Sources */,
				48F7F1871FFE0412008D827A /* Constants.swift in Sources */,
				488BD073218B4F2D003998AC /* ImageTableViewCell.swift in Sources */,
				AC4843F92126A3B3003492DB /* ILTabViewController.swift in Sources */,
				48FB28B42476ADBC00277FD0 /* ContactUSViewController.swift in Sources */,
				AC130700218A030500790E9A /* FinalLoginViewController.swift in Sources */,
				480A3BEE235ADAFF00EA4EF4 /* PageViewController.swift in Sources */,
				482D2C2323A5312F0024CF00 /* EditPresentationTableViewCell.swift in Sources */,
				BC0B83A120BC6E490082A53B /* EmailScreenViewcontroller.swift in Sources */,
				488BD077218B4F98003998AC /* CommentTableViewCell.swift in Sources */,
				48B6EDC0235D4AE700C1152D /* FinalSubmissionViewController.swift in Sources */,
				AC0E194F215AA49A00ADAFB1 /* SignInLabel.swift in Sources */,
				BCFFFBB520BAEE79003A0652 /* SignUpViewcontroller.swift in Sources */,
				AC0AD39220D13CDE00FCB371 /* ListViewTableViewCell.swift in Sources */,
				AC7E37652111EDA300A0263D /* ResetPasswordViewContoller.swift in Sources */,
				4810C81923116D1C00B6ACA4 /* ReportPostViewController.swift in Sources */,
				483DF7D1236807460081A157 /* CustomPopUpViewController.swift in Sources */,
				AC20EE8121908E900083AAFE /* PresentationDetailViewcontroller.swift in Sources */,
				AC9159FA210613D30018CB94 /* MobileOTPVirecontroller.swift in Sources */,
				48FB28AE247121B900277FD0 /* FaqViewController.swift in Sources */,
				BC9DD97B20B82541003CA4A6 /* WebServiceHandler.swift in Sources */,
				ACCA1D152107697600383104 /* DashBoardViewController.swift in Sources */,
				ACC98D11211B37F00098B53A /* MenuViewController.swift in Sources */,
				AC6046AB2110144F006A42F3 /* ForgotPasswordViewController.swift in Sources */,
				488BD079218B4FB7003998AC /* CommentListTableViewCell.swift in Sources */,
				4897CCEA20039B9D00360EB7 /* StringExtension.swift in Sources */,
				484279311FF39B9E0056A089 /* AppDelegate.swift in Sources */,
				ACE9CA8F21188FFD00AAC035 /* ILUtility.swift in Sources */,
				4803D3352178D82C00C82909 /* InviteFriendsViewController.swift in Sources */,
				AC1F1D272126DFDA00A57DD4 /* MenuViewcontrollerTableCell.swift in Sources */,
				481023F22180D79A00ED37A7 /* ResetPasswordWithMenuViewController.swift in Sources */,
			);
			runOnlyForDeploymentPostprocessing = 0;
		};
		4842793D1FF39B9E0056A089 /* Sources */ = {
			isa = PBXSourcesBuildPhase;
			buildActionMask = 2147483647;
			files = (
				48415FAF2163A7FB00D96DA6 /* ImaginingLinkTests.swift in Sources */,
			);
			runOnlyForDeploymentPostprocessing = 0;
		};
		484279481FF39B9E0056A089 /* Sources */ = {
			isa = PBXSourcesBuildPhase;
			buildActionMask = 2147483647;
			files = (
				48415FB02163A80000D96DA6 /* ImaginingLinkUITests.swift in Sources */,
			);
			runOnlyForDeploymentPostprocessing = 0;
		};
/* End PBXSourcesBuildPhase section */

/* Begin PBXTargetDependency section */
		484279431FF39B9E0056A089 /* PBXTargetDependency */ = {
			isa = PBXTargetDependency;
			target = 4842792C1FF39B9E0056A089 /* ImaginingLink */;
			targetProxy = 484279421FF39B9E0056A089 /* PBXContainerItemProxy */;
		};
		4842794E1FF39B9E0056A089 /* PBXTargetDependency */ = {
			isa = PBXTargetDependency;
			target = 4842792C1FF39B9E0056A089 /* ImaginingLink */;
			targetProxy = 4842794D1FF39B9E0056A089 /* PBXContainerItemProxy */;
		};
/* End PBXTargetDependency section */

/* Begin PBXVariantGroup section */
		484279341FF39B9E0056A089 /* Main.storyboard */ = {
			isa = PBXVariantGroup;
			children = (
				484279351FF39B9E0056A089 /* Base */,
			);
			name = Main.storyboard;
			sourceTree = "<group>";
		};
		484279391FF39B9E0056A089 /* LaunchScreen.storyboard */ = {
			isa = PBXVariantGroup;
			children = (
				4842793A1FF39B9E0056A089 /* Base */,
			);
			name = LaunchScreen.storyboard;
			sourceTree = "<group>";
		};
/* End PBXVariantGroup section */

/* Begin XCBuildConfiguration section */
		484279531FF39B9F0056A089 /* Debug */ = {
			isa = XCBuildConfiguration;
			buildSettings = {
				ALWAYS_SEARCH_USER_PATHS = NO;
				CLANG_ANALYZER_NONNULL = YES;
				CLANG_ANALYZER_NUMBER_OBJECT_CONVERSION = YES_AGGRESSIVE;
				CLANG_CXX_LANGUAGE_STANDARD = "gnu++14";
				CLANG_CXX_LIBRARY = "libc++";
				CLANG_ENABLE_MODULES = YES;
				CLANG_ENABLE_OBJC_ARC = YES;
				CLANG_WARN_BLOCK_CAPTURE_AUTORELEASING = YES;
				CLANG_WARN_BOOL_CONVERSION = YES;
				CLANG_WARN_COMMA = YES;
				CLANG_WARN_CONSTANT_CONVERSION = YES;
				CLANG_WARN_DEPRECATED_OBJC_IMPLEMENTATIONS = YES;
				CLANG_WARN_DIRECT_OBJC_ISA_USAGE = YES_ERROR;
				CLANG_WARN_DOCUMENTATION_COMMENTS = YES;
				CLANG_WARN_EMPTY_BODY = YES;
				CLANG_WARN_ENUM_CONVERSION = YES;
				CLANG_WARN_INFINITE_RECURSION = YES;
				CLANG_WARN_INT_CONVERSION = YES;
				CLANG_WARN_NON_LITERAL_NULL_CONVERSION = YES;
				CLANG_WARN_OBJC_IMPLICIT_RETAIN_SELF = YES;
				CLANG_WARN_OBJC_LITERAL_CONVERSION = YES;
				CLANG_WARN_OBJC_ROOT_CLASS = YES_ERROR;
				CLANG_WARN_RANGE_LOOP_ANALYSIS = YES;
				CLANG_WARN_STRICT_PROTOTYPES = YES;
				CLANG_WARN_SUSPICIOUS_MOVE = YES;
				CLANG_WARN_UNGUARDED_AVAILABILITY = YES_AGGRESSIVE;
				CLANG_WARN_UNREACHABLE_CODE = YES;
				CLANG_WARN__DUPLICATE_METHOD_MATCH = YES;
				CODE_SIGN_IDENTITY = "iPhone Developer";
				COPY_PHASE_STRIP = NO;
				DEBUG_INFORMATION_FORMAT = dwarf;
				ENABLE_STRICT_OBJC_MSGSEND = YES;
				ENABLE_TESTABILITY = YES;
				GCC_C_LANGUAGE_STANDARD = gnu11;
				GCC_DYNAMIC_NO_PIC = NO;
				GCC_NO_COMMON_BLOCKS = YES;
				GCC_OPTIMIZATION_LEVEL = 0;
				GCC_PREPROCESSOR_DEFINITIONS = (
					"DEBUG=1",
					"$(inherited)",
				);
				GCC_WARN_64_TO_32_BIT_CONVERSION = YES;
				GCC_WARN_ABOUT_RETURN_TYPE = YES_ERROR;
				GCC_WARN_UNDECLARED_SELECTOR = YES;
				GCC_WARN_UNINITIALIZED_AUTOS = YES_AGGRESSIVE;
				GCC_WARN_UNUSED_FUNCTION = YES;
				GCC_WARN_UNUSED_VARIABLE = YES;
				IPHONEOS_DEPLOYMENT_TARGET = 11.2;
				MTL_ENABLE_DEBUG_INFO = YES;
				ONLY_ACTIVE_ARCH = YES;
				SDKROOT = iphoneos;
				SWIFT_ACTIVE_COMPILATION_CONDITIONS = DEBUG;
				SWIFT_OPTIMIZATION_LEVEL = "-Onone";
			};
			name = Debug;
		};
		484279541FF39B9F0056A089 /* Release */ = {
			isa = XCBuildConfiguration;
			buildSettings = {
				ALWAYS_SEARCH_USER_PATHS = NO;
				CLANG_ANALYZER_NONNULL = YES;
				CLANG_ANALYZER_NUMBER_OBJECT_CONVERSION = YES_AGGRESSIVE;
				CLANG_CXX_LANGUAGE_STANDARD = "gnu++14";
				CLANG_CXX_LIBRARY = "libc++";
				CLANG_ENABLE_MODULES = YES;
				CLANG_ENABLE_OBJC_ARC = YES;
				CLANG_WARN_BLOCK_CAPTURE_AUTORELEASING = YES;
				CLANG_WARN_BOOL_CONVERSION = YES;
				CLANG_WARN_COMMA = YES;
				CLANG_WARN_CONSTANT_CONVERSION = YES;
				CLANG_WARN_DEPRECATED_OBJC_IMPLEMENTATIONS = YES;
				CLANG_WARN_DIRECT_OBJC_ISA_USAGE = YES_ERROR;
				CLANG_WARN_DOCUMENTATION_COMMENTS = YES;
				CLANG_WARN_EMPTY_BODY = YES;
				CLANG_WARN_ENUM_CONVERSION = YES;
				CLANG_WARN_INFINITE_RECURSION = YES;
				CLANG_WARN_INT_CONVERSION = YES;
				CLANG_WARN_NON_LITERAL_NULL_CONVERSION = YES;
				CLANG_WARN_OBJC_IMPLICIT_RETAIN_SELF = YES;
				CLANG_WARN_OBJC_LITERAL_CONVERSION = YES;
				CLANG_WARN_OBJC_ROOT_CLASS = YES_ERROR;
				CLANG_WARN_RANGE_LOOP_ANALYSIS = YES;
				CLANG_WARN_STRICT_PROTOTYPES = YES;
				CLANG_WARN_SUSPICIOUS_MOVE = YES;
				CLANG_WARN_UNGUARDED_AVAILABILITY = YES_AGGRESSIVE;
				CLANG_WARN_UNREACHABLE_CODE = YES;
				CLANG_WARN__DUPLICATE_METHOD_MATCH = YES;
				CODE_SIGN_IDENTITY = "iPhone Developer";
				COPY_PHASE_STRIP = NO;
				DEBUG_INFORMATION_FORMAT = "dwarf-with-dsym";
				ENABLE_NS_ASSERTIONS = NO;
				ENABLE_STRICT_OBJC_MSGSEND = YES;
				GCC_C_LANGUAGE_STANDARD = gnu11;
				GCC_NO_COMMON_BLOCKS = YES;
				GCC_WARN_64_TO_32_BIT_CONVERSION = YES;
				GCC_WARN_ABOUT_RETURN_TYPE = YES_ERROR;
				GCC_WARN_UNDECLARED_SELECTOR = YES;
				GCC_WARN_UNINITIALIZED_AUTOS = YES_AGGRESSIVE;
				GCC_WARN_UNUSED_FUNCTION = YES;
				GCC_WARN_UNUSED_VARIABLE = YES;
				IPHONEOS_DEPLOYMENT_TARGET = 11.2;
				MTL_ENABLE_DEBUG_INFO = NO;
				SDKROOT = iphoneos;
				SWIFT_OPTIMIZATION_LEVEL = "-Owholemodule";
				VALIDATE_PRODUCT = YES;
			};
			name = Release;
		};
		484279561FF39B9F0056A089 /* Debug */ = {
			isa = XCBuildConfiguration;
			baseConfigurationReference = 0CE7A08417AB810109D83A7C /* Pods-ImaginingLink.debug.xcconfig */;
			buildSettings = {
				ASSETCATALOG_COMPILER_APPICON_NAME = AppIcon;
				CODE_SIGN_STYLE = Automatic;
				CURRENT_PROJECT_VERSION = 32;
				DEVELOPMENT_TEAM = W8U434C9C6;
				INFOPLIST_FILE = ImaginingLink/Info.plist;
				IPHONEOS_DEPLOYMENT_TARGET = 11.0;
				LD_RUNPATH_SEARCH_PATHS = "$(inherited) @executable_path/Frameworks";
				OTHER_SWIFT_FLAGS = "$(inherited) -D DEV";
				PRODUCT_BUNDLE_IDENTIFIER = "com.imaginglink.-";
				PRODUCT_NAME = ImagingLink;
				SWIFT_ACTIVE_COMPILATION_CONDITIONS = "";
				SWIFT_VERSION = 5.0;
				TARGETED_DEVICE_FAMILY = "1,2";
			};
			name = Debug;
		};
		484279571FF39B9F0056A089 /* Release */ = {
			isa = XCBuildConfiguration;
			baseConfigurationReference = 2148841A36F5B347B0C09B12 /* Pods-ImaginingLink.release.xcconfig */;
			buildSettings = {
				ASSETCATALOG_COMPILER_APPICON_NAME = AppIcon;
				CODE_SIGN_STYLE = Automatic;
				CURRENT_PROJECT_VERSION = 32;
				DEVELOPMENT_TEAM = W8U434C9C6;
				INFOPLIST_FILE = ImaginingLink/Info.plist;
				IPHONEOS_DEPLOYMENT_TARGET = 11.0;
				LD_RUNPATH_SEARCH_PATHS = "$(inherited) @executable_path/Frameworks";
				OTHER_SWIFT_FLAGS = "$(inherited) -D RELEASE";
				PRODUCT_BUNDLE_IDENTIFIER = com.Imaginglink.Imaginglink;
				PRODUCT_NAME = ImagingLink;
				SWIFT_VERSION = 5.0;
				TARGETED_DEVICE_FAMILY = "1,2";
			};
			name = Release;
		};
		484279591FF39B9F0056A089 /* Debug */ = {
			isa = XCBuildConfiguration;
			baseConfigurationReference = 8A8331F4445C7E54A9456DFE /* Pods-ImaginingLinkTests.debug.xcconfig */;
			buildSettings = {
				ALWAYS_EMBED_SWIFT_STANDARD_LIBRARIES = YES;
				BUNDLE_LOADER = "$(TEST_HOST)";
				CODE_SIGN_STYLE = Automatic;
				INFOPLIST_FILE = ImaginingLinkTests/Info.plist;
				LD_RUNPATH_SEARCH_PATHS = "$(inherited) @executable_path/Frameworks @loader_path/Frameworks";
				PRODUCT_BUNDLE_IDENTIFIER = com.imaginglink.ImaginingLinkTests;
				PRODUCT_NAME = "$(TARGET_NAME)";
				SWIFT_VERSION = 4.0;
				TARGETED_DEVICE_FAMILY = "1,2";
				TEST_HOST = "$(BUILT_PRODUCTS_DIR)/ImaginingLink.app/ImaginingLink";
			};
			name = Debug;
		};
		4842795A1FF39B9F0056A089 /* Release */ = {
			isa = XCBuildConfiguration;
			baseConfigurationReference = 0B4E298B8A48F76227B0233E /* Pods-ImaginingLinkTests.release.xcconfig */;
			buildSettings = {
				ALWAYS_EMBED_SWIFT_STANDARD_LIBRARIES = YES;
				BUNDLE_LOADER = "$(TEST_HOST)";
				CODE_SIGN_STYLE = Automatic;
				INFOPLIST_FILE = ImaginingLinkTests/Info.plist;
				LD_RUNPATH_SEARCH_PATHS = "$(inherited) @executable_path/Frameworks @loader_path/Frameworks";
				PRODUCT_BUNDLE_IDENTIFIER = com.imaginglink.ImaginingLinkTests;
				PRODUCT_NAME = "$(TARGET_NAME)";
				SWIFT_VERSION = 4.0;
				TARGETED_DEVICE_FAMILY = "1,2";
				TEST_HOST = "$(BUILT_PRODUCTS_DIR)/ImaginingLink.app/ImaginingLink";
			};
			name = Release;
		};
		4842795C1FF39B9F0056A089 /* Debug */ = {
			isa = XCBuildConfiguration;
			baseConfigurationReference = 604CE88B0E7A09EC1EA21A61 /* Pods-ImaginingLinkUITests.debug.xcconfig */;
			buildSettings = {
				ALWAYS_EMBED_SWIFT_STANDARD_LIBRARIES = YES;
				CODE_SIGN_STYLE = Automatic;
				INFOPLIST_FILE = ImaginingLinkUITests/Info.plist;
				LD_RUNPATH_SEARCH_PATHS = "$(inherited) @executable_path/Frameworks @loader_path/Frameworks";
				PRODUCT_BUNDLE_IDENTIFIER = com.imaginglink.ImaginingLinkUITests;
				PRODUCT_NAME = "$(TARGET_NAME)";
				SWIFT_VERSION = 4.0;
				TARGETED_DEVICE_FAMILY = "1,2";
				TEST_TARGET_NAME = ImaginingLink;
			};
			name = Debug;
		};
		4842795D1FF39B9F0056A089 /* Release */ = {
			isa = XCBuildConfiguration;
			baseConfigurationReference = 68146003AE08AE2447A023B8 /* Pods-ImaginingLinkUITests.release.xcconfig */;
			buildSettings = {
				ALWAYS_EMBED_SWIFT_STANDARD_LIBRARIES = YES;
				CODE_SIGN_STYLE = Automatic;
				INFOPLIST_FILE = ImaginingLinkUITests/Info.plist;
				LD_RUNPATH_SEARCH_PATHS = "$(inherited) @executable_path/Frameworks @loader_path/Frameworks";
				PRODUCT_BUNDLE_IDENTIFIER = com.imaginglink.ImaginingLinkUITests;
				PRODUCT_NAME = "$(TARGET_NAME)";
				SWIFT_VERSION = 4.0;
				TARGETED_DEVICE_FAMILY = "1,2";
				TEST_TARGET_NAME = ImaginingLink;
			};
			name = Release;
		};
/* End XCBuildConfiguration section */

/* Begin XCConfigurationList section */
		484279281FF39B9E0056A089 /* Build configuration list for PBXProject "ImaginingLink" */ = {
			isa = XCConfigurationList;
			buildConfigurations = (
				484279531FF39B9F0056A089 /* Debug */,
				484279541FF39B9F0056A089 /* Release */,
			);
			defaultConfigurationIsVisible = 0;
			defaultConfigurationName = Release;
		};
		484279551FF39B9F0056A089 /* Build configuration list for PBXNativeTarget "ImaginingLink" */ = {
			isa = XCConfigurationList;
			buildConfigurations = (
				484279561FF39B9F0056A089 /* Debug */,
				484279571FF39B9F0056A089 /* Release */,
			);
			defaultConfigurationIsVisible = 0;
			defaultConfigurationName = Release;
		};
		484279581FF39B9F0056A089 /* Build configuration list for PBXNativeTarget "ImaginingLinkTests" */ = {
			isa = XCConfigurationList;
			buildConfigurations = (
				484279591FF39B9F0056A089 /* Debug */,
				4842795A1FF39B9F0056A089 /* Release */,
			);
			defaultConfigurationIsVisible = 0;
			defaultConfigurationName = Release;
		};
		4842795B1FF39B9F0056A089 /* Build configuration list for PBXNativeTarget "ImaginingLinkUITests" */ = {
			isa = XCConfigurationList;
			buildConfigurations = (
				4842795C1FF39B9F0056A089 /* Debug */,
				4842795D1FF39B9F0056A089 /* Release */,
			);
			defaultConfigurationIsVisible = 0;
			defaultConfigurationName = Release;
		};
/* End XCConfigurationList section */
	};
	rootObject = 484279251FF39B9E0056A089 /* Project object */;
}
